// !$*UTF8*$!
{
	archiveVersion = 1;
	classes = {
	};
	objectVersion = 46;
	objects = {

/* Begin PBXBuildFile section */
		011FF452F54E634F3C3FA11F /* UILabel+TextColor.m in Sources */ = {isa = PBXBuildFile; fileRef = B53433D00C3FE31B9149B242 /* UILabel+TextColor.m */; };
		098E6343B7C6137C29DB5F26 /* UISegmentedControl+TintColor.h in Headers */ = {isa = PBXBuildFile; fileRef = 17B68294E4E08EC221F67CCD /* UISegmentedControl+TintColor.h */; };
		1430F3BE7AA55D359EFFD3D5 /* UIButton+TitleColor.h in Headers */ = {isa = PBXBuildFile; fileRef = DF616D5935D3A8FA28C24C25 /* UIButton+TitleColor.h */; };
		1816313E1AFE549A00A20423 /* property.json in Resources */ = {isa = PBXBuildFile; fileRef = 1816313D1AFE549A00A20423 /* property.json */; };
		182BCC251AFF199A0095BF9C /* PresentingViewController.h in Headers */ = {isa = PBXBuildFile; fileRef = 182BCC231AFF199A0095BF9C /* PresentingViewController.h */; };
		182BCC261AFF199A0095BF9C /* PresentingViewController.m in Sources */ = {isa = PBXBuildFile; fileRef = 182BCC241AFF199A0095BF9C /* PresentingViewController.m */; };
		186AC5221AF855410095ED95 /* DKNightVersionManagerTest.m in Sources */ = {isa = PBXBuildFile; fileRef = 186AC5211AF855410095ED95 /* DKNightVersionManagerTest.m */; };
		18D2288D1AF8BA4F00872BF1 /* UINavigationBar+Animation.m in Sources */ = {isa = PBXBuildFile; fileRef = 18D2288C1AF8BA4F00872BF1 /* UINavigationBar+Animation.m */; };
		18D228911AF8BA8700872BF1 /* DKNightVersionManager.m in Sources */ = {isa = PBXBuildFile; fileRef = 18D228901AF8BA8700872BF1 /* DKNightVersionManager.m */; };
		18D228941AF8BB6200872BF1 /* AppDelegate.m in Sources */ = {isa = PBXBuildFile; fileRef = 18D228931AF8BB6200872BF1 /* AppDelegate.m */; };
		18D2289B1AF8BB6800872BF1 /* RootViewController.m in Sources */ = {isa = PBXBuildFile; fileRef = 18D228961AF8BB6800872BF1 /* RootViewController.m */; };
		18D2289C1AF8BB6800872BF1 /* SuccViewController.m in Sources */ = {isa = PBXBuildFile; fileRef = 18D228981AF8BB6800872BF1 /* SuccViewController.m */; };
		18D2289D1AF8BB6800872BF1 /* TableViewCell.m in Sources */ = {isa = PBXBuildFile; fileRef = 18D2289A1AF8BB6800872BF1 /* TableViewCell.m */; };
		18D228A11AF8BB7800872BF1 /* main.m in Sources */ = {isa = PBXBuildFile; fileRef = 18D2289F1AF8BB7800872BF1 /* main.m */; };
		18D228A61AF8BB8D00872BF1 /* Images.xcassets in Resources */ = {isa = PBXBuildFile; fileRef = 18D228A51AF8BB8D00872BF1 /* Images.xcassets */; };
		18D228A71AF8BC1A00872BF1 /* LaunchScreen.xib in Resources */ = {isa = PBXBuildFile; fileRef = 18D228A21AF8BB8500872BF1 /* LaunchScreen.xib */; };
		232F58D4AF95493696CA869F /* UITextField+TextColor.h in Headers */ = {isa = PBXBuildFile; fileRef = 53F47958436A0FF590318C18 /* UITextField+TextColor.h */; };
		29F295C3E35D0F3711C7925B /* UIBarButtonItem+TintColor.m in Sources */ = {isa = PBXBuildFile; fileRef = 9069D2FF55C28FBB7B28F105 /* UIBarButtonItem+TintColor.m */; };
		3184D7D1A7D20EDE955B98C1 /* UITableView+SeparatorColor.m in Sources */ = {isa = PBXBuildFile; fileRef = 84BF2E3E6155DBB6E706C3F8 /* UITableView+SeparatorColor.m */; };
		3254E63FD72C106E9CF28B61 /* UILabel+TextColor.h in Headers */ = {isa = PBXBuildFile; fileRef = 917ADAB6F911EA216BACD27E /* UILabel+TextColor.h */; };
		39AA8573529E67BF88C512EF /* UIView+BackgroundColor.m in Sources */ = {isa = PBXBuildFile; fileRef = 7925A2A97C63925286E903FA /* UIView+BackgroundColor.m */; };
		39BFE22AA06F41756ADC4BA3 /* UITextField+TextColor.m in Sources */ = {isa = PBXBuildFile; fileRef = D651BF81CFF1B8D5B48523C5 /* UITextField+TextColor.m */; };
		464B6380ACA728D297EAF95C /* UINavigationBar+TintColor.h in Headers */ = {isa = PBXBuildFile; fileRef = 2AFE945714F21A7C9CDC11FF /* UINavigationBar+TintColor.h */; };
		4AD6C8B3F22EF1DFE639A694 /* UISegmentedControl+TintColor.m in Sources */ = {isa = PBXBuildFile; fileRef = 963EF43619B14E354A8094F7 /* UISegmentedControl+TintColor.m */; };
		63733670E25F32564659338C /* UINavigationBar+TintColor.m in Sources */ = {isa = PBXBuildFile; fileRef = C7A37662B37E73D631B116FA /* UINavigationBar+TintColor.m */; };
		6DCF54B8FF1611C7C6F1670D /* UITabBar+BarTintColor.m in Sources */ = {isa = PBXBuildFile; fileRef = 61EC69DB817452097BAE57E0 /* UITabBar+BarTintColor.m */; };
		729CAAC31BEE3E2300E279D6 /* NSObject+Night.h in Headers */ = {isa = PBXBuildFile; fileRef = 729CAAC11BEE3E2300E279D6 /* NSObject+Night.h */; };
		729CAAC41BEE3E2300E279D6 /* NSObject+Night.m in Sources */ = {isa = PBXBuildFile; fileRef = 729CAAC21BEE3E2300E279D6 /* NSObject+Night.m */; };
		72BBA6A31C181B9600262693 /* method.json in Resources */ = {isa = PBXBuildFile; fileRef = 72BBA6931C181B9600262693 /* method.json */; };
		72BBA6A41C181B9600262693 /* project.json in Resources */ = {isa = PBXBuildFile; fileRef = 72BBA6941C181B9600262693 /* project.json */; };
		72BBA6A51C181B9600262693 /* superklass.json in Resources */ = {isa = PBXBuildFile; fileRef = 72BBA6951C181B9600262693 /* superklass.json */; };
		72BBA6A61C181B9600262693 /* objc_class.rb in Resources */ = {isa = PBXBuildFile; fileRef = 72BBA6971C181B9600262693 /* objc_class.rb */; };
		72BBA6A71C181B9600262693 /* objc_property.rb in Resources */ = {isa = PBXBuildFile; fileRef = 72BBA6981C181B9600262693 /* objc_property.rb */; };
		72BBA6A81C181B9600262693 /* parser.rb in Resources */ = {isa = PBXBuildFile; fileRef = 72BBA6991C181B9600262693 /* parser.rb */; };
		72BBA6A91C181B9600262693 /* project.rb in Resources */ = {isa = PBXBuildFile; fileRef = 72BBA69A1C181B9600262693 /* project.rb */; };
		72BBA6AA1C181B9600262693 /* render.rb in Resources */ = {isa = PBXBuildFile; fileRef = 72BBA69B1C181B9600262693 /* render.rb */; };
		72BBA6AB1C181B9600262693 /* color.h.erb in Resources */ = {isa = PBXBuildFile; fileRef = 72BBA69D1C181B9600262693 /* color.h.erb */; };
		72BBA6AC1C181B9600262693 /* color.m.erb in Resources */ = {isa = PBXBuildFile; fileRef = 72BBA69E1C181B9600262693 /* color.m.erb */; };
		72BBA6AD1C181B9600262693 /* nightversion.h.erb in Resources */ = {isa = PBXBuildFile; fileRef = 72BBA69F1C181B9600262693 /* nightversion.h.erb */; };
		72BBA6AE1C181B9600262693 /* nightversion.m.erb in Resources */ = {isa = PBXBuildFile; fileRef = 72BBA6A01C181B9600262693 /* nightversion.m.erb */; };
		72BBA6AF1C181B9600262693 /* xcodeproj.rb in Resources */ = {isa = PBXBuildFile; fileRef = 72BBA6A11C181B9600262693 /* xcodeproj.rb */; };
		72BBA6B01C181B9600262693 /* generator.rb in Resources */ = {isa = PBXBuildFile; fileRef = 72BBA6A21C181B9600262693 /* generator.rb */; };
		73F0699EC450D5FDBB7C5D61 /* UITextView+TextColor.m in Sources */ = {isa = PBXBuildFile; fileRef = 785801F46601D9DD20F63DB3 /* UITextView+TextColor.m */; };
		8CD49F824826840206B017DA /* UITabBar+BarTintColor.h in Headers */ = {isa = PBXBuildFile; fileRef = D9DE46FF86241CD9D2666BEE /* UITabBar+BarTintColor.h */; };
		953E0B104A6A80EA9AC3831E /* UIView+BackgroundColor.h in Headers */ = {isa = PBXBuildFile; fileRef = 2FCE80644D301582C48169D7 /* UIView+BackgroundColor.h */; };
		C650EAA3D76FF05720CC0AFC /* UIBarButtonItem+TintColor.h in Headers */ = {isa = PBXBuildFile; fileRef = 38011AE1AB6B622123E55FC6 /* UIBarButtonItem+TintColor.h */; };
		CCF028F01066911CC56704FA /* UITextView+TextColor.h in Headers */ = {isa = PBXBuildFile; fileRef = 04013C33ECAE6D3751795B0B /* UITextView+TextColor.h */; };
		CE3955EEB4B2A799D6BEBA51 /* UINavigationBar+BarTintColor.h in Headers */ = {isa = PBXBuildFile; fileRef = 494FDA37D2AB80657B1AE278 /* UINavigationBar+BarTintColor.h */; };
		E3433C17A278444E4703B5B5 /* UINavigationBar+BarTintColor.m in Sources */ = {isa = PBXBuildFile; fileRef = A487B4FED0D1FA90FEAB6F4E /* UINavigationBar+BarTintColor.m */; };
		EA43F97A5A3724AC408EBA37 /* UIButton+TitleColor.m in Sources */ = {isa = PBXBuildFile; fileRef = A8FE95C835FFAB066852A5AF /* UIButton+TitleColor.m */; };
		FD1D8A2D3806310D80A08F5A /* UITableView+SeparatorColor.h in Headers */ = {isa = PBXBuildFile; fileRef = C2418B25A24D9FE9E258743C /* UITableView+SeparatorColor.h */; };
/* End PBXBuildFile section */

/* Begin PBXContainerItemProxy section */
		189854CA1ADD5B560050568B /* PBXContainerItemProxy */ = {
			isa = PBXContainerItemProxy;
			containerPortal = 189854AE1ADD5B550050568B /* Project object */;
			proxyType = 1;
			remoteGlobalIDString = 189854B51ADD5B550050568B;
			remoteInfo = DKNightVersion;
		};
/* End PBXContainerItemProxy section */

/* Begin PBXFileReference section */
		04013C33ECAE6D3751795B0B /* UITextView+TextColor.h */ = {isa = PBXFileReference; includeInIndex = 1; lastKnownFileType = sourcecode.c.h; name = "UITextView+TextColor.h"; path = "./Classes/UIKit/UITextView/UITextView+TextColor.h"; sourceTree = "<group>"; };
		17B68294E4E08EC221F67CCD /* UISegmentedControl+TintColor.h */ = {isa = PBXFileReference; includeInIndex = 1; lastKnownFileType = sourcecode.c.h; name = "UISegmentedControl+TintColor.h"; path = "./Classes/UIKit/UISegmentedControl/UISegmentedControl+TintColor.h"; sourceTree = "<group>"; };
		1816313D1AFE549A00A20423 /* property.json */ = {isa = PBXFileReference; fileEncoding = 4; lastKnownFileType = text.json; path = property.json; sourceTree = SOURCE_ROOT; };
		182BCC231AFF199A0095BF9C /* PresentingViewController.h */ = {isa = PBXFileReference; fileEncoding = 4; lastKnownFileType = sourcecode.c.h; name = PresentingViewController.h; path = Demo/PresentingViewController.h; sourceTree = SOURCE_ROOT; };
		182BCC241AFF199A0095BF9C /* PresentingViewController.m */ = {isa = PBXFileReference; fileEncoding = 4; lastKnownFileType = sourcecode.c.objc; name = PresentingViewController.m; path = Demo/PresentingViewController.m; sourceTree = SOURCE_ROOT; };
		186AC5211AF855410095ED95 /* DKNightVersionManagerTest.m */ = {isa = PBXFileReference; fileEncoding = 4; lastKnownFileType = sourcecode.c.objc; path = DKNightVersionManagerTest.m; sourceTree = "<group>"; };
		189854B61ADD5B550050568B /* DKNightVersion.app */ = {isa = PBXFileReference; explicitFileType = wrapper.application; includeInIndex = 0; path = DKNightVersion.app; sourceTree = BUILT_PRODUCTS_DIR; };
		189854C91ADD5B560050568B /* DKNightVersionTests.xctest */ = {isa = PBXFileReference; explicitFileType = wrapper.cfbundle; includeInIndex = 0; path = DKNightVersionTests.xctest; sourceTree = BUILT_PRODUCTS_DIR; };
		189854CE1ADD5B560050568B /* Info.plist */ = {isa = PBXFileReference; lastKnownFileType = text.plist.xml; path = Info.plist; sourceTree = "<group>"; };
		18D2288B1AF8BA4F00872BF1 /* UINavigationBar+Animation.h */ = {isa = PBXFileReference; fileEncoding = 4; lastKnownFileType = sourcecode.c.h; name = "UINavigationBar+Animation.h"; path = "Classes/Helper/UINavigationBar+Animation.h"; sourceTree = SOURCE_ROOT; };
		18D2288C1AF8BA4F00872BF1 /* UINavigationBar+Animation.m */ = {isa = PBXFileReference; fileEncoding = 4; lastKnownFileType = sourcecode.c.objc; name = "UINavigationBar+Animation.m"; path = "Classes/Helper/UINavigationBar+Animation.m"; sourceTree = SOURCE_ROOT; };
		18D2288E1AF8BA7100872BF1 /* DKNightVersion.h */ = {isa = PBXFileReference; lastKnownFileType = sourcecode.c.h; name = DKNightVersion.h; path = Classes/DKNightVersion.h; sourceTree = SOURCE_ROOT; };
		18D2288F1AF8BA8700872BF1 /* DKNightVersionManager.h */ = {isa = PBXFileReference; fileEncoding = 4; lastKnownFileType = sourcecode.c.h; name = DKNightVersionManager.h; path = Classes/Core/DKNightVersionManager.h; sourceTree = SOURCE_ROOT; };
		18D228901AF8BA8700872BF1 /* DKNightVersionManager.m */ = {isa = PBXFileReference; fileEncoding = 4; lastKnownFileType = sourcecode.c.objc; name = DKNightVersionManager.m; path = Classes/Core/DKNightVersionManager.m; sourceTree = SOURCE_ROOT; };
		18D228921AF8BB6200872BF1 /* AppDelegate.h */ = {isa = PBXFileReference; fileEncoding = 4; lastKnownFileType = sourcecode.c.h; name = AppDelegate.h; path = Demo/AppDelegate.h; sourceTree = SOURCE_ROOT; };
		18D228931AF8BB6200872BF1 /* AppDelegate.m */ = {isa = PBXFileReference; fileEncoding = 4; lastKnownFileType = sourcecode.c.objc; name = AppDelegate.m; path = Demo/AppDelegate.m; sourceTree = SOURCE_ROOT; };
		18D228951AF8BB6800872BF1 /* RootViewController.h */ = {isa = PBXFileReference; fileEncoding = 4; lastKnownFileType = sourcecode.c.h; name = RootViewController.h; path = Demo/RootViewController.h; sourceTree = SOURCE_ROOT; };
		18D228961AF8BB6800872BF1 /* RootViewController.m */ = {isa = PBXFileReference; fileEncoding = 4; lastKnownFileType = sourcecode.c.objc; name = RootViewController.m; path = Demo/RootViewController.m; sourceTree = SOURCE_ROOT; };
		18D228971AF8BB6800872BF1 /* SuccViewController.h */ = {isa = PBXFileReference; fileEncoding = 4; lastKnownFileType = sourcecode.c.h; name = SuccViewController.h; path = Demo/SuccViewController.h; sourceTree = SOURCE_ROOT; };
		18D228981AF8BB6800872BF1 /* SuccViewController.m */ = {isa = PBXFileReference; fileEncoding = 4; lastKnownFileType = sourcecode.c.objc; name = SuccViewController.m; path = Demo/SuccViewController.m; sourceTree = SOURCE_ROOT; };
		18D228991AF8BB6800872BF1 /* TableViewCell.h */ = {isa = PBXFileReference; fileEncoding = 4; lastKnownFileType = sourcecode.c.h; name = TableViewCell.h; path = Demo/TableViewCell.h; sourceTree = SOURCE_ROOT; };
		18D2289A1AF8BB6800872BF1 /* TableViewCell.m */ = {isa = PBXFileReference; fileEncoding = 4; lastKnownFileType = sourcecode.c.objc; name = TableViewCell.m; path = Demo/TableViewCell.m; sourceTree = SOURCE_ROOT; };
		18D2289E1AF8BB7800872BF1 /* Info.plist */ = {isa = PBXFileReference; fileEncoding = 4; lastKnownFileType = text.plist.xml; name = Info.plist; path = Demo/Info.plist; sourceTree = SOURCE_ROOT; };
		18D2289F1AF8BB7800872BF1 /* main.m */ = {isa = PBXFileReference; fileEncoding = 4; lastKnownFileType = sourcecode.c.objc; name = main.m; path = Demo/main.m; sourceTree = SOURCE_ROOT; };
		18D228A31AF8BB8500872BF1 /* Base */ = {isa = PBXFileReference; lastKnownFileType = file.xib; name = Base; path = Demo/Base.lproj/LaunchScreen.xib; sourceTree = SOURCE_ROOT; };
		18D228A51AF8BB8D00872BF1 /* Images.xcassets */ = {isa = PBXFileReference; lastKnownFileType = folder.assetcatalog; name = Images.xcassets; path = Demo/Images.xcassets; sourceTree = SOURCE_ROOT; };
		2AFE945714F21A7C9CDC11FF /* UINavigationBar+TintColor.h */ = {isa = PBXFileReference; includeInIndex = 1; lastKnownFileType = sourcecode.c.h; name = "UINavigationBar+TintColor.h"; path = "./Classes/UIKit/UINavigationBar/UINavigationBar+TintColor.h"; sourceTree = "<group>"; };
		2FCE80644D301582C48169D7 /* UIView+BackgroundColor.h */ = {isa = PBXFileReference; includeInIndex = 1; lastKnownFileType = sourcecode.c.h; name = "UIView+BackgroundColor.h"; path = "./Classes/UIKit/UIView/UIView+BackgroundColor.h"; sourceTree = "<group>"; };
		38011AE1AB6B622123E55FC6 /* UIBarButtonItem+TintColor.h */ = {isa = PBXFileReference; includeInIndex = 1; lastKnownFileType = sourcecode.c.h; name = "UIBarButtonItem+TintColor.h"; path = "./Classes/UIKit/UIBarButtonItem/UIBarButtonItem+TintColor.h"; sourceTree = "<group>"; };
		494FDA37D2AB80657B1AE278 /* UINavigationBar+BarTintColor.h */ = {isa = PBXFileReference; includeInIndex = 1; lastKnownFileType = sourcecode.c.h; name = "UINavigationBar+BarTintColor.h"; path = "./Classes/UIKit/UINavigationBar/UINavigationBar+BarTintColor.h"; sourceTree = "<group>"; };
		53F47958436A0FF590318C18 /* UITextField+TextColor.h */ = {isa = PBXFileReference; includeInIndex = 1; lastKnownFileType = sourcecode.c.h; name = "UITextField+TextColor.h"; path = "./Classes/UIKit/UITextField/UITextField+TextColor.h"; sourceTree = "<group>"; };
		61EC69DB817452097BAE57E0 /* UITabBar+BarTintColor.m */ = {isa = PBXFileReference; includeInIndex = 1; lastKnownFileType = sourcecode.c.objc; name = "UITabBar+BarTintColor.m"; path = "./Classes/UIKit/UITabBar/UITabBar+BarTintColor.m"; sourceTree = "<group>"; };
		729CAAC11BEE3E2300E279D6 /* NSObject+Night.h */ = {isa = PBXFileReference; fileEncoding = 4; lastKnownFileType = sourcecode.c.h; name = "NSObject+Night.h"; path = "Classes/Core/NSObject+Night.h"; sourceTree = SOURCE_ROOT; };
		729CAAC21BEE3E2300E279D6 /* NSObject+Night.m */ = {isa = PBXFileReference; fileEncoding = 4; lastKnownFileType = sourcecode.c.objc; name = "NSObject+Night.m"; path = "Classes/Core/NSObject+Night.m"; sourceTree = SOURCE_ROOT; };
		72BBA6931C181B9600262693 /* method.json */ = {isa = PBXFileReference; fileEncoding = 4; lastKnownFileType = text.json; path = method.json; sourceTree = "<group>"; };
		72BBA6941C181B9600262693 /* project.json */ = {isa = PBXFileReference; fileEncoding = 4; lastKnownFileType = text.json; path = project.json; sourceTree = "<group>"; };
		72BBA6951C181B9600262693 /* superklass.json */ = {isa = PBXFileReference; fileEncoding = 4; lastKnownFileType = text.json; path = superklass.json; sourceTree = "<group>"; };
		72BBA6971C181B9600262693 /* objc_class.rb */ = {isa = PBXFileReference; fileEncoding = 4; lastKnownFileType = text.script.ruby; path = objc_class.rb; sourceTree = "<group>"; };
		72BBA6981C181B9600262693 /* objc_property.rb */ = {isa = PBXFileReference; fileEncoding = 4; lastKnownFileType = text.script.ruby; path = objc_property.rb; sourceTree = "<group>"; };
		72BBA6991C181B9600262693 /* parser.rb */ = {isa = PBXFileReference; fileEncoding = 4; lastKnownFileType = text.script.ruby; path = parser.rb; sourceTree = "<group>"; };
		72BBA69A1C181B9600262693 /* project.rb */ = {isa = PBXFileReference; fileEncoding = 4; lastKnownFileType = text.script.ruby; path = project.rb; sourceTree = "<group>"; };
		72BBA69B1C181B9600262693 /* render.rb */ = {isa = PBXFileReference; fileEncoding = 4; lastKnownFileType = text.script.ruby; path = render.rb; sourceTree = "<group>"; };
		72BBA69D1C181B9600262693 /* color.h.erb */ = {isa = PBXFileReference; fileEncoding = 4; lastKnownFileType = text; path = color.h.erb; sourceTree = "<group>"; };
		72BBA69E1C181B9600262693 /* color.m.erb */ = {isa = PBXFileReference; fileEncoding = 4; lastKnownFileType = text; path = color.m.erb; sourceTree = "<group>"; };
		72BBA69F1C181B9600262693 /* nightversion.h.erb */ = {isa = PBXFileReference; fileEncoding = 4; lastKnownFileType = text; path = nightversion.h.erb; sourceTree = "<group>"; };
		72BBA6A01C181B9600262693 /* nightversion.m.erb */ = {isa = PBXFileReference; fileEncoding = 4; lastKnownFileType = text; path = nightversion.m.erb; sourceTree = "<group>"; };
		72BBA6A11C181B9600262693 /* xcodeproj.rb */ = {isa = PBXFileReference; fileEncoding = 4; lastKnownFileType = text.script.ruby; path = xcodeproj.rb; sourceTree = "<group>"; };
		72BBA6A21C181B9600262693 /* generator.rb */ = {isa = PBXFileReference; fileEncoding = 4; lastKnownFileType = text.script.ruby; path = generator.rb; sourceTree = "<group>"; };
		785801F46601D9DD20F63DB3 /* UITextView+TextColor.m */ = {isa = PBXFileReference; includeInIndex = 1; lastKnownFileType = sourcecode.c.objc; name = "UITextView+TextColor.m"; path = "./Classes/UIKit/UITextView/UITextView+TextColor.m"; sourceTree = "<group>"; };
		7925A2A97C63925286E903FA /* UIView+BackgroundColor.m */ = {isa = PBXFileReference; includeInIndex = 1; lastKnownFileType = sourcecode.c.objc; name = "UIView+BackgroundColor.m"; path = "./Classes/UIKit/UIView/UIView+BackgroundColor.m"; sourceTree = "<group>"; };
		84BF2E3E6155DBB6E706C3F8 /* UITableView+SeparatorColor.m */ = {isa = PBXFileReference; includeInIndex = 1; lastKnownFileType = sourcecode.c.objc; name = "UITableView+SeparatorColor.m"; path = "./Classes/UIKit/UITableView/UITableView+SeparatorColor.m"; sourceTree = "<group>"; };
		9069D2FF55C28FBB7B28F105 /* UIBarButtonItem+TintColor.m */ = {isa = PBXFileReference; includeInIndex = 1; lastKnownFileType = sourcecode.c.objc; name = "UIBarButtonItem+TintColor.m"; path = "./Classes/UIKit/UIBarButtonItem/UIBarButtonItem+TintColor.m"; sourceTree = "<group>"; };
		917ADAB6F911EA216BACD27E /* UILabel+TextColor.h */ = {isa = PBXFileReference; includeInIndex = 1; lastKnownFileType = sourcecode.c.h; name = "UILabel+TextColor.h"; path = "./Classes/UIKit/UILabel/UILabel+TextColor.h"; sourceTree = "<group>"; };
		963EF43619B14E354A8094F7 /* UISegmentedControl+TintColor.m */ = {isa = PBXFileReference; includeInIndex = 1; lastKnownFileType = sourcecode.c.objc; name = "UISegmentedControl+TintColor.m"; path = "./Classes/UIKit/UISegmentedControl/UISegmentedControl+TintColor.m"; sourceTree = "<group>"; };
		A487B4FED0D1FA90FEAB6F4E /* UINavigationBar+BarTintColor.m */ = {isa = PBXFileReference; includeInIndex = 1; lastKnownFileType = sourcecode.c.objc; name = "UINavigationBar+BarTintColor.m"; path = "./Classes/UIKit/UINavigationBar/UINavigationBar+BarTintColor.m"; sourceTree = "<group>"; };
		A8FE95C835FFAB066852A5AF /* UIButton+TitleColor.m */ = {isa = PBXFileReference; includeInIndex = 1; lastKnownFileType = sourcecode.c.objc; name = "UIButton+TitleColor.m"; path = "./Classes/UIKit/UIButton/UIButton+TitleColor.m"; sourceTree = "<group>"; };
		B53433D00C3FE31B9149B242 /* UILabel+TextColor.m */ = {isa = PBXFileReference; includeInIndex = 1; lastKnownFileType = sourcecode.c.objc; name = "UILabel+TextColor.m"; path = "./Classes/UIKit/UILabel/UILabel+TextColor.m"; sourceTree = "<group>"; };
		C2418B25A24D9FE9E258743C /* UITableView+SeparatorColor.h */ = {isa = PBXFileReference; includeInIndex = 1; lastKnownFileType = sourcecode.c.h; name = "UITableView+SeparatorColor.h"; path = "./Classes/UIKit/UITableView/UITableView+SeparatorColor.h"; sourceTree = "<group>"; };
		C7A37662B37E73D631B116FA /* UINavigationBar+TintColor.m */ = {isa = PBXFileReference; includeInIndex = 1; lastKnownFileType = sourcecode.c.objc; name = "UINavigationBar+TintColor.m"; path = "./Classes/UIKit/UINavigationBar/UINavigationBar+TintColor.m"; sourceTree = "<group>"; };
		D651BF81CFF1B8D5B48523C5 /* UITextField+TextColor.m */ = {isa = PBXFileReference; includeInIndex = 1; lastKnownFileType = sourcecode.c.objc; name = "UITextField+TextColor.m"; path = "./Classes/UIKit/UITextField/UITextField+TextColor.m"; sourceTree = "<group>"; };
		D9DE46FF86241CD9D2666BEE /* UITabBar+BarTintColor.h */ = {isa = PBXFileReference; includeInIndex = 1; lastKnownFileType = sourcecode.c.h; name = "UITabBar+BarTintColor.h"; path = "./Classes/UIKit/UITabBar/UITabBar+BarTintColor.h"; sourceTree = "<group>"; };
		DF616D5935D3A8FA28C24C25 /* UIButton+TitleColor.h */ = {isa = PBXFileReference; includeInIndex = 1; lastKnownFileType = sourcecode.c.h; name = "UIButton+TitleColor.h"; path = "./Classes/UIKit/UIButton/UIButton+TitleColor.h"; sourceTree = "<group>"; };
/* End PBXFileReference section */

/* Begin PBXFrameworksBuildPhase section */
		189854B31ADD5B550050568B /* Frameworks */ = {
			isa = PBXFrameworksBuildPhase;
			buildActionMask = 2147483647;
			files = (
			);
			runOnlyForDeploymentPostprocessing = 0;
		};
		189854C61ADD5B560050568B /* Frameworks */ = {
			isa = PBXFrameworksBuildPhase;
			buildActionMask = 2147483647;
			files = (
			);
			runOnlyForDeploymentPostprocessing = 0;
		};
/* End PBXFrameworksBuildPhase section */

/* Begin PBXGroup section */
		18063F361AF9C0C500A06A04 /* Pod */ = {
			isa = PBXGroup;
			children = (
				18A41E211AE019F000042CF4 /* Classes */,
			);
			name = Pod;
			sourceTree = "<group>";
		};
		180CDCA91AECC17F00164D1F /* Demo */ = {
			isa = PBXGroup;
			children = (
				18D228921AF8BB6200872BF1 /* AppDelegate.h */,
				18D228931AF8BB6200872BF1 /* AppDelegate.m */,
				18D228951AF8BB6800872BF1 /* RootViewController.h */,
				18D228961AF8BB6800872BF1 /* RootViewController.m */,
				18D228971AF8BB6800872BF1 /* SuccViewController.h */,
				18D228981AF8BB6800872BF1 /* SuccViewController.m */,
				18D228991AF8BB6800872BF1 /* TableViewCell.h */,
				18D2289A1AF8BB6800872BF1 /* TableViewCell.m */,
				182BCC231AFF199A0095BF9C /* PresentingViewController.h */,
				182BCC241AFF199A0095BF9C /* PresentingViewController.m */,
			);
			name = Demo;
			sourceTree = "<group>";
		};
		1816313C1AFE549000A20423 /* MetaData */ = {
			isa = PBXGroup;
			children = (
				1816313D1AFE549A00A20423 /* property.json */,
			);
			name = MetaData;
			sourceTree = "<group>";
		};
		186AC5181AF7C4D60095ED95 /* Helper */ = {
			isa = PBXGroup;
			children = (
				18D2288B1AF8BA4F00872BF1 /* UINavigationBar+Animation.h */,
				18D2288C1AF8BA4F00872BF1 /* UINavigationBar+Animation.m */,
			);
			name = Helper;
			path = Pod/Helper;
			sourceTree = SOURCE_ROOT;
		};
		189854AD1ADD5B550050568B = {
			isa = PBXGroup;
			children = (
				189854B81ADD5B550050568B /* DKNightVersion */,
				189854CC1ADD5B560050568B /* DKNightVersionTests */,
				189854B71ADD5B550050568B /* Products */,
			);
			sourceTree = "<group>";
		};
		189854B71ADD5B550050568B /* Products */ = {
			isa = PBXGroup;
			children = (
				189854B61ADD5B550050568B /* DKNightVersion.app */,
				189854C91ADD5B560050568B /* DKNightVersionTests.xctest */,
			);
			name = Products;
			sourceTree = "<group>";
		};
		189854B81ADD5B550050568B /* DKNightVersion */ = {
			isa = PBXGroup;
			children = (
				72BBA68F1C181B9600262693 /* generator */,
				180CDCA91AECC17F00164D1F /* Demo */,
				18063F361AF9C0C500A06A04 /* Pod */,
				18D228A51AF8BB8D00872BF1 /* Images.xcassets */,
				18D228A21AF8BB8500872BF1 /* LaunchScreen.xib */,
				189854B91ADD5B550050568B /* Supporting Files */,
			);
			path = DKNightVersion;
			sourceTree = "<group>";
		};
		189854B91ADD5B550050568B /* Supporting Files */ = {
			isa = PBXGroup;
			children = (
				18D2289E1AF8BB7800872BF1 /* Info.plist */,
				18D2289F1AF8BB7800872BF1 /* main.m */,
			);
			name = "Supporting Files";
			sourceTree = "<group>";
		};
		189854CC1ADD5B560050568B /* DKNightVersionTests */ = {
			isa = PBXGroup;
			children = (
				186AC5211AF855410095ED95 /* DKNightVersionManagerTest.m */,
				189854CD1ADD5B560050568B /* Supporting Files */,
			);
			path = DKNightVersionTests;
			sourceTree = "<group>";
		};
		189854CD1ADD5B560050568B /* Supporting Files */ = {
			isa = PBXGroup;
			children = (
				189854CE1ADD5B560050568B /* Info.plist */,
			);
			name = "Supporting Files";
			sourceTree = "<group>";
		};
		18A41E211AE019F000042CF4 /* Classes */ = {
			isa = PBXGroup;
			children = (
				18D2288E1AF8BA7100872BF1 /* DKNightVersion.h */,
				18A41E221AE019F000042CF4 /* Core */,
				2B67D93A0ADE48CC0E58BD8E /* UIKit */,
				186AC5181AF7C4D60095ED95 /* Helper */,
				1816313C1AFE549000A20423 /* MetaData */,
			);
			name = Classes;
			path = ../Pod/Classes;
			sourceTree = "<group>";
		};
		18A41E221AE019F000042CF4 /* Core */ = {
			isa = PBXGroup;
			children = (
				18D2288F1AF8BA8700872BF1 /* DKNightVersionManager.h */,
				18D228901AF8BA8700872BF1 /* DKNightVersionManager.m */,
				729CAAC11BEE3E2300E279D6 /* NSObject+Night.h */,
				729CAAC21BEE3E2300E279D6 /* NSObject+Night.m */,
			);
			path = Core;
			sourceTree = "<group>";
		};
		29E4B3312EDEEBB5C9555485 /* UIButton */ = {
			isa = PBXGroup;
			children = (
				DF616D5935D3A8FA28C24C25 /* UIButton+TitleColor.h */,
				A8FE95C835FFAB066852A5AF /* UIButton+TitleColor.m */,
			);
			name = UIButton;
			sourceTree = SOURCE_ROOT;
		};
		2B67D93A0ADE48CC0E58BD8E /* UIKit */ = {
			isa = PBXGroup;
			children = (
				AF603E0FFF1644177736779D /* UIView */,
				EC8ECC97C580B50B0E7E761A /* UILabel */,
				3D8D383A6223F8A2A05AF3BC /* UINavigationBar */,
				919ED8425D1EA797ABC40A34 /* UITabBar */,
				29E4B3312EDEEBB5C9555485 /* UIButton */,
				6B2938F22A050599E46CB541 /* UIBarButtonItem */,
				6254E5126A98F305730CBB64 /* UITableView */,
				5C760C31B8E063F3496115D1 /* UITextView */,
				8A3DEEE15FBF109116F23CB5 /* UITextField */,
				2F0BD1B3C523C5AE995DFB3B /* UISegmentedControl */,
			);
			name = UIKit;
			sourceTree = "<group>";
		};
		2F0BD1B3C523C5AE995DFB3B /* UISegmentedControl */ = {
			isa = PBXGroup;
			children = (
				17B68294E4E08EC221F67CCD /* UISegmentedControl+TintColor.h */,
				963EF43619B14E354A8094F7 /* UISegmentedControl+TintColor.m */,
			);
			name = UISegmentedControl;
			sourceTree = SOURCE_ROOT;
		};
		3D8D383A6223F8A2A05AF3BC /* UINavigationBar */ = {
			isa = PBXGroup;
			children = (
				494FDA37D2AB80657B1AE278 /* UINavigationBar+BarTintColor.h */,
				A487B4FED0D1FA90FEAB6F4E /* UINavigationBar+BarTintColor.m */,
				2AFE945714F21A7C9CDC11FF /* UINavigationBar+TintColor.h */,
				C7A37662B37E73D631B116FA /* UINavigationBar+TintColor.m */,
			);
			name = UINavigationBar;
			sourceTree = SOURCE_ROOT;
		};
		5C760C31B8E063F3496115D1 /* UITextView */ = {
			isa = PBXGroup;
			children = (
				04013C33ECAE6D3751795B0B /* UITextView+TextColor.h */,
				785801F46601D9DD20F63DB3 /* UITextView+TextColor.m */,
			);
			name = UITextView;
			sourceTree = SOURCE_ROOT;
		};
		6254E5126A98F305730CBB64 /* UITableView */ = {
			isa = PBXGroup;
			children = (
				C2418B25A24D9FE9E258743C /* UITableView+SeparatorColor.h */,
				84BF2E3E6155DBB6E706C3F8 /* UITableView+SeparatorColor.m */,
			);
			name = UITableView;
			sourceTree = SOURCE_ROOT;
		};
		6B2938F22A050599E46CB541 /* UIBarButtonItem */ = {
			isa = PBXGroup;
			children = (
				38011AE1AB6B622123E55FC6 /* UIBarButtonItem+TintColor.h */,
				9069D2FF55C28FBB7B28F105 /* UIBarButtonItem+TintColor.m */,
			);
			name = UIBarButtonItem;
			sourceTree = SOURCE_ROOT;
		};
		72BBA68F1C181B9600262693 /* generator */ = {
			isa = PBXGroup;
			children = (
				72BBA6901C181B9600262693 /* lib */,
			);
			path = generator;
			sourceTree = SOURCE_ROOT;
		};
		72BBA6901C181B9600262693 /* lib */ = {
			isa = PBXGroup;
			children = (
				72BBA6911C181B9600262693 /* generator */,
				72BBA6A21C181B9600262693 /* generator.rb */,
			);
			path = lib;
			sourceTree = "<group>";
		};
		72BBA6911C181B9600262693 /* generator */ = {
			isa = PBXGroup;
			children = (
				72BBA6921C181B9600262693 /* json */,
				72BBA6961C181B9600262693 /* model */,
				72BBA6991C181B9600262693 /* parser.rb */,
				72BBA69A1C181B9600262693 /* project.rb */,
				72BBA69B1C181B9600262693 /* render.rb */,
				72BBA69C1C181B9600262693 /* template */,
				72BBA6A11C181B9600262693 /* xcodeproj.rb */,
			);
			path = generator;
			sourceTree = "<group>";
		};
		72BBA6921C181B9600262693 /* json */ = {
			isa = PBXGroup;
			children = (
				72BBA6931C181B9600262693 /* method.json */,
				72BBA6941C181B9600262693 /* project.json */,
				72BBA6951C181B9600262693 /* superklass.json */,
			);
			path = json;
			sourceTree = "<group>";
		};
		72BBA6961C181B9600262693 /* model */ = {
			isa = PBXGroup;
			children = (
				72BBA6971C181B9600262693 /* objc_class.rb */,
				72BBA6981C181B9600262693 /* objc_property.rb */,
			);
			path = model;
			sourceTree = "<group>";
		};
		72BBA69C1C181B9600262693 /* template */ = {
			isa = PBXGroup;
			children = (
				72BBA69D1C181B9600262693 /* color.h.erb */,
				72BBA69E1C181B9600262693 /* color.m.erb */,
				72BBA69F1C181B9600262693 /* nightversion.h.erb */,
				72BBA6A01C181B9600262693 /* nightversion.m.erb */,
			);
			path = template;
			sourceTree = "<group>";
		};
		8A3DEEE15FBF109116F23CB5 /* UITextField */ = {
			isa = PBXGroup;
			children = (
				53F47958436A0FF590318C18 /* UITextField+TextColor.h */,
				D651BF81CFF1B8D5B48523C5 /* UITextField+TextColor.m */,
			);
			name = UITextField;
			sourceTree = SOURCE_ROOT;
		};
		919ED8425D1EA797ABC40A34 /* UITabBar */ = {
			isa = PBXGroup;
			children = (
				D9DE46FF86241CD9D2666BEE /* UITabBar+BarTintColor.h */,
				61EC69DB817452097BAE57E0 /* UITabBar+BarTintColor.m */,
			);
			name = UITabBar;
			sourceTree = SOURCE_ROOT;
		};
		AF603E0FFF1644177736779D /* UIView */ = {
			isa = PBXGroup;
			children = (
				2FCE80644D301582C48169D7 /* UIView+BackgroundColor.h */,
				7925A2A97C63925286E903FA /* UIView+BackgroundColor.m */,
			);
			name = UIView;
			sourceTree = SOURCE_ROOT;
		};
		EC8ECC97C580B50B0E7E761A /* UILabel */ = {
			isa = PBXGroup;
			children = (
				917ADAB6F911EA216BACD27E /* UILabel+TextColor.h */,
				B53433D00C3FE31B9149B242 /* UILabel+TextColor.m */,
			);
			name = UILabel;
			sourceTree = SOURCE_ROOT;
		};
/* End PBXGroup section */

/* Begin PBXHeadersBuildPhase section */
		0E36EA4FBDF394D5A59A278D /* Headers */ = {
			isa = PBXHeadersBuildPhase;
			buildActionMask = 2147483647;
			files = (
				182BCC251AFF199A0095BF9C /* PresentingViewController.h in Headers */,
				729CAAC31BEE3E2300E279D6 /* NSObject+Night.h in Headers */,
				953E0B104A6A80EA9AC3831E /* UIView+BackgroundColor.h in Headers */,
				3254E63FD72C106E9CF28B61 /* UILabel+TextColor.h in Headers */,
				CE3955EEB4B2A799D6BEBA51 /* UINavigationBar+BarTintColor.h in Headers */,
				464B6380ACA728D297EAF95C /* UINavigationBar+TintColor.h in Headers */,
				8CD49F824826840206B017DA /* UITabBar+BarTintColor.h in Headers */,
				1430F3BE7AA55D359EFFD3D5 /* UIButton+TitleColor.h in Headers */,
				C650EAA3D76FF05720CC0AFC /* UIBarButtonItem+TintColor.h in Headers */,
				FD1D8A2D3806310D80A08F5A /* UITableView+SeparatorColor.h in Headers */,
				CCF028F01066911CC56704FA /* UITextView+TextColor.h in Headers */,
				232F58D4AF95493696CA869F /* UITextField+TextColor.h in Headers */,
				098E6343B7C6137C29DB5F26 /* UISegmentedControl+TintColor.h in Headers */,
			);
			runOnlyForDeploymentPostprocessing = 0;
		};
		2CBE0DCBEAB143C54F997B8E /* Headers */ = {
			isa = PBXHeadersBuildPhase;
			buildActionMask = 2147483647;
			files = (
			);
			runOnlyForDeploymentPostprocessing = 0;
		};
/* End PBXHeadersBuildPhase section */

/* Begin PBXNativeTarget section */
		189854B51ADD5B550050568B /* DKNightVersion */ = {
			isa = PBXNativeTarget;
			buildConfigurationList = 189854D31ADD5B560050568B /* Build configuration list for PBXNativeTarget "DKNightVersion" */;
			buildPhases = (
				189854B21ADD5B550050568B /* Sources */,
				189854B31ADD5B550050568B /* Frameworks */,
				189854B41ADD5B550050568B /* Resources */,
				0E36EA4FBDF394D5A59A278D /* Headers */,
				1816313B1AFE52B500A20423 /* ShellScript */,
			);
			buildRules = (
			);
			dependencies = (
			);
			name = DKNightVersion;
			productName = DKNightVersion;
			productReference = 189854B61ADD5B550050568B /* DKNightVersion.app */;
			productType = "com.apple.product-type.application";
		};
		189854C81ADD5B560050568B /* DKNightVersionTests */ = {
			isa = PBXNativeTarget;
			buildConfigurationList = 189854D61ADD5B560050568B /* Build configuration list for PBXNativeTarget "DKNightVersionTests" */;
			buildPhases = (
				189854C51ADD5B560050568B /* Sources */,
				189854C61ADD5B560050568B /* Frameworks */,
				189854C71ADD5B560050568B /* Resources */,
				2CBE0DCBEAB143C54F997B8E /* Headers */,
			);
			buildRules = (
			);
			dependencies = (
				189854CB1ADD5B560050568B /* PBXTargetDependency */,
			);
			name = DKNightVersionTests;
			productName = DKNightVersionTests;
			productReference = 189854C91ADD5B560050568B /* DKNightVersionTests.xctest */;
			productType = "com.apple.product-type.bundle.unit-test";
		};
/* End PBXNativeTarget section */

/* Begin PBXProject section */
		189854AE1ADD5B550050568B /* Project object */ = {
			isa = PBXProject;
			attributes = {
				LastUpgradeCheck = 0700;
				ORGANIZATIONNAME = DeltaX;
				TargetAttributes = {
					189854B51ADD5B550050568B = {
						CreatedOnToolsVersion = 6.3;
					};
					189854C81ADD5B560050568B = {
						CreatedOnToolsVersion = 6.3;
						TestTargetID = 189854B51ADD5B550050568B;
					};
				};
			};
			buildConfigurationList = 189854B11ADD5B550050568B /* Build configuration list for PBXProject "DKNightVersion" */;
			compatibilityVersion = "Xcode 3.2";
			developmentRegion = English;
			hasScannedForEncodings = 0;
			knownRegions = (
				en,
				Base,
			);
			mainGroup = 189854AD1ADD5B550050568B;
			productRefGroup = 189854B71ADD5B550050568B /* Products */;
			projectDirPath = "";
			projectRoot = "";
			targets = (
				189854B51ADD5B550050568B /* DKNightVersion */,
				189854C81ADD5B560050568B /* DKNightVersionTests */,
			);
		};
/* End PBXProject section */

/* Begin PBXResourcesBuildPhase section */
		189854B41ADD5B550050568B /* Resources */ = {
			isa = PBXResourcesBuildPhase;
			buildActionMask = 2147483647;
			files = (
				72BBA6A31C181B9600262693 /* method.json in Resources */,
				72BBA6AD1C181B9600262693 /* nightversion.h.erb in Resources */,
				72BBA6A61C181B9600262693 /* objc_class.rb in Resources */,
				18D228A71AF8BC1A00872BF1 /* LaunchScreen.xib in Resources */,
				72BBA6AE1C181B9600262693 /* nightversion.m.erb in Resources */,
				72BBA6AB1C181B9600262693 /* color.h.erb in Resources */,
				72BBA6AA1C181B9600262693 /* render.rb in Resources */,
				72BBA6A51C181B9600262693 /* superklass.json in Resources */,
				72BBA6A71C181B9600262693 /* objc_property.rb in Resources */,
				72BBA6B01C181B9600262693 /* generator.rb in Resources */,
				72BBA6A81C181B9600262693 /* parser.rb in Resources */,
				72BBA6A41C181B9600262693 /* project.json in Resources */,
				72BBA6A91C181B9600262693 /* project.rb in Resources */,
				72BBA6AF1C181B9600262693 /* xcodeproj.rb in Resources */,
				18D228A61AF8BB8D00872BF1 /* Images.xcassets in Resources */,
				72BBA6AC1C181B9600262693 /* color.m.erb in Resources */,
				1816313E1AFE549A00A20423 /* property.json in Resources */,
			);
			runOnlyForDeploymentPostprocessing = 0;
		};
		189854C71ADD5B560050568B /* Resources */ = {
			isa = PBXResourcesBuildPhase;
			buildActionMask = 2147483647;
			files = (
			);
			runOnlyForDeploymentPostprocessing = 0;
		};
/* End PBXResourcesBuildPhase section */

/* Begin PBXShellScriptBuildPhase section */
		1816313B1AFE52B500A20423 /* ShellScript */ = {
			isa = PBXShellScriptBuildPhase;
			buildActionMask = 12;
			files = (
			);
			inputPaths = (
			);
			outputPaths = (
			);
			runOnlyForDeploymentPostprocessing = 0;
			shellPath = /bin/sh;
			shellScript = "
";
			showEnvVarsInLog = 0;
		};
/* End PBXShellScriptBuildPhase section */

/* Begin PBXSourcesBuildPhase section */
		189854B21ADD5B550050568B /* Sources */ = {
			isa = PBXSourcesBuildPhase;
			buildActionMask = 2147483647;
			files = (
				18D2289C1AF8BB6800872BF1 /* SuccViewController.m in Sources */,
				18D2288D1AF8BA4F00872BF1 /* UINavigationBar+Animation.m in Sources */,
				18D228911AF8BA8700872BF1 /* DKNightVersionManager.m in Sources */,
				18D228A11AF8BB7800872BF1 /* main.m in Sources */,
				18D2289B1AF8BB6800872BF1 /* RootViewController.m in Sources */,
				18D2289D1AF8BB6800872BF1 /* TableViewCell.m in Sources */,
				18D228941AF8BB6200872BF1 /* AppDelegate.m in Sources */,
				182BCC261AFF199A0095BF9C /* PresentingViewController.m in Sources */,
				729CAAC41BEE3E2300E279D6 /* NSObject+Night.m in Sources */,
				39AA8573529E67BF88C512EF /* UIView+BackgroundColor.m in Sources */,
				011FF452F54E634F3C3FA11F /* UILabel+TextColor.m in Sources */,
				E3433C17A278444E4703B5B5 /* UINavigationBar+BarTintColor.m in Sources */,
				63733670E25F32564659338C /* UINavigationBar+TintColor.m in Sources */,
				6DCF54B8FF1611C7C6F1670D /* UITabBar+BarTintColor.m in Sources */,
				EA43F97A5A3724AC408EBA37 /* UIButton+TitleColor.m in Sources */,
				29F295C3E35D0F3711C7925B /* UIBarButtonItem+TintColor.m in Sources */,
				3184D7D1A7D20EDE955B98C1 /* UITableView+SeparatorColor.m in Sources */,
				73F0699EC450D5FDBB7C5D61 /* UITextView+TextColor.m in Sources */,
				39BFE22AA06F41756ADC4BA3 /* UITextField+TextColor.m in Sources */,
				4AD6C8B3F22EF1DFE639A694 /* UISegmentedControl+TintColor.m in Sources */,
			);
			runOnlyForDeploymentPostprocessing = 0;
		};
		189854C51ADD5B560050568B /* Sources */ = {
			isa = PBXSourcesBuildPhase;
			buildActionMask = 2147483647;
			files = (
				186AC5221AF855410095ED95 /* DKNightVersionManagerTest.m in Sources */,
			);
			runOnlyForDeploymentPostprocessing = 0;
		};
/* End PBXSourcesBuildPhase section */

/* Begin PBXTargetDependency section */
		189854CB1ADD5B560050568B /* PBXTargetDependency */ = {
			isa = PBXTargetDependency;
			target = 189854B51ADD5B550050568B /* DKNightVersion */;
			targetProxy = 189854CA1ADD5B560050568B /* PBXContainerItemProxy */;
		};
/* End PBXTargetDependency section */

/* Begin PBXVariantGroup section */
		18D228A21AF8BB8500872BF1 /* LaunchScreen.xib */ = {
			isa = PBXVariantGroup;
			children = (
				18D228A31AF8BB8500872BF1 /* Base */,
			);
			name = LaunchScreen.xib;
			sourceTree = "<group>";
		};
/* End PBXVariantGroup section */

/* Begin XCBuildConfiguration section */
		189854D11ADD5B560050568B /* Debug */ = {
			isa = XCBuildConfiguration;
			buildSettings = {
				ALWAYS_SEARCH_USER_PATHS = NO;
				CLANG_CXX_LANGUAGE_STANDARD = "gnu++0x";
				CLANG_CXX_LIBRARY = "libc++";
				CLANG_ENABLE_MODULES = YES;
				CLANG_ENABLE_OBJC_ARC = YES;
				CLANG_WARN_BOOL_CONVERSION = YES;
				CLANG_WARN_CONSTANT_CONVERSION = YES;
				CLANG_WARN_DIRECT_OBJC_ISA_USAGE = YES_ERROR;
				CLANG_WARN_EMPTY_BODY = YES;
				CLANG_WARN_ENUM_CONVERSION = YES;
				CLANG_WARN_INT_CONVERSION = YES;
				CLANG_WARN_OBJC_ROOT_CLASS = YES_ERROR;
				CLANG_WARN_UNREACHABLE_CODE = YES;
				CLANG_WARN__DUPLICATE_METHOD_MATCH = YES;
				"CODE_SIGN_IDENTITY[sdk=iphoneos*]" = "iPhone Developer";
				COPY_PHASE_STRIP = NO;
				DEBUG_INFORMATION_FORMAT = "dwarf-with-dsym";
				ENABLE_STRICT_OBJC_MSGSEND = YES;
				ENABLE_TESTABILITY = YES;
				GCC_C_LANGUAGE_STANDARD = gnu99;
				GCC_DYNAMIC_NO_PIC = NO;
				GCC_NO_COMMON_BLOCKS = YES;
				GCC_OPTIMIZATION_LEVEL = 0;
				GCC_PREPROCESSOR_DEFINITIONS = (
					"DEBUG=1",
					"$(inherited)",
				);
				GCC_SYMBOLS_PRIVATE_EXTERN = NO;
				GCC_WARN_64_TO_32_BIT_CONVERSION = YES;
				GCC_WARN_ABOUT_RETURN_TYPE = YES_ERROR;
				GCC_WARN_UNDECLARED_SELECTOR = YES;
				GCC_WARN_UNINITIALIZED_AUTOS = YES_AGGRESSIVE;
				GCC_WARN_UNUSED_FUNCTION = YES;
				GCC_WARN_UNUSED_VARIABLE = YES;
				IPHONEOS_DEPLOYMENT_TARGET = 8.3;
				MTL_ENABLE_DEBUG_INFO = YES;
				ONLY_ACTIVE_ARCH = YES;
				SDKROOT = iphoneos;
			};
			name = Debug;
		};
		189854D21ADD5B560050568B /* Release */ = {
			isa = XCBuildConfiguration;
			buildSettings = {
				ALWAYS_SEARCH_USER_PATHS = NO;
				CLANG_CXX_LANGUAGE_STANDARD = "gnu++0x";
				CLANG_CXX_LIBRARY = "libc++";
				CLANG_ENABLE_MODULES = YES;
				CLANG_ENABLE_OBJC_ARC = YES;
				CLANG_WARN_BOOL_CONVERSION = YES;
				CLANG_WARN_CONSTANT_CONVERSION = YES;
				CLANG_WARN_DIRECT_OBJC_ISA_USAGE = YES_ERROR;
				CLANG_WARN_EMPTY_BODY = YES;
				CLANG_WARN_ENUM_CONVERSION = YES;
				CLANG_WARN_INT_CONVERSION = YES;
				CLANG_WARN_OBJC_ROOT_CLASS = YES_ERROR;
				CLANG_WARN_UNREACHABLE_CODE = YES;
				CLANG_WARN__DUPLICATE_METHOD_MATCH = YES;
				"CODE_SIGN_IDENTITY[sdk=iphoneos*]" = "iPhone Developer";
				COPY_PHASE_STRIP = NO;
				DEBUG_INFORMATION_FORMAT = "dwarf-with-dsym";
				ENABLE_NS_ASSERTIONS = NO;
				ENABLE_STRICT_OBJC_MSGSEND = YES;
				GCC_C_LANGUAGE_STANDARD = gnu99;
				GCC_NO_COMMON_BLOCKS = YES;
				GCC_WARN_64_TO_32_BIT_CONVERSION = YES;
				GCC_WARN_ABOUT_RETURN_TYPE = YES_ERROR;
				GCC_WARN_UNDECLARED_SELECTOR = YES;
				GCC_WARN_UNINITIALIZED_AUTOS = YES_AGGRESSIVE;
				GCC_WARN_UNUSED_FUNCTION = YES;
				GCC_WARN_UNUSED_VARIABLE = YES;
				IPHONEOS_DEPLOYMENT_TARGET = 8.3;
				MTL_ENABLE_DEBUG_INFO = NO;
				ONLY_ACTIVE_ARCH = YES;
				SDKROOT = iphoneos;
				VALIDATE_PRODUCT = YES;
			};
			name = Release;
		};
		189854D41ADD5B560050568B /* Debug */ = {
			isa = XCBuildConfiguration;
			buildSettings = {
				ASSETCATALOG_COMPILER_APPICON_NAME = AppIcon;
				INFOPLIST_FILE = Demo/Info.plist;
				IPHONEOS_DEPLOYMENT_TARGET = 8.3;
				LD_RUNPATH_SEARCH_PATHS = "$(inherited) @executable_path/Frameworks";
				ONLY_ACTIVE_ARCH = YES;
				PRODUCT_BUNDLE_IDENTIFIER = "com.draven.$(PRODUCT_NAME:rfc1034identifier)";
				PRODUCT_NAME = "$(TARGET_NAME)";
			};
			name = Debug;
		};
		189854D51ADD5B560050568B /* Release */ = {
			isa = XCBuildConfiguration;
			buildSettings = {
				ASSETCATALOG_COMPILER_APPICON_NAME = AppIcon;
				INFOPLIST_FILE = Demo/Info.plist;
				IPHONEOS_DEPLOYMENT_TARGET = 8.3;
				LD_RUNPATH_SEARCH_PATHS = "$(inherited) @executable_path/Frameworks";
				ONLY_ACTIVE_ARCH = YES;
				PRODUCT_BUNDLE_IDENTIFIER = "com.draven.$(PRODUCT_NAME:rfc1034identifier)";
				PRODUCT_NAME = "$(TARGET_NAME)";
			};
			name = Release;
		};
		189854D71ADD5B560050568B /* Debug */ = {
			isa = XCBuildConfiguration;
			buildSettings = {
				BUNDLE_LOADER = "$(BUILT_PRODUCTS_DIR)/DKNightVersion.app/DKNightVersion";
				FRAMEWORK_SEARCH_PATHS = (
					"$(SDKROOT)/Developer/Library/Frameworks",
					"$(inherited)",
				);
				GCC_PREPROCESSOR_DEFINITIONS = (
					"DEBUG=1",
					"$(inherited)",
				);
				INFOPLIST_FILE = DKNightVersionTests/Info.plist;
				LD_RUNPATH_SEARCH_PATHS = "$(inherited) @executable_path/Frameworks @loader_path/Frameworks";
				PRODUCT_BUNDLE_IDENTIFIER = "com.draven.$(PRODUCT_NAME:rfc1034identifier)";
				PRODUCT_NAME = "$(TARGET_NAME)";
				TEST_HOST = "$(BUNDLE_LOADER)";
			};
			name = Debug;
		};
		189854D81ADD5B560050568B /* Release */ = {
			isa = XCBuildConfiguration;
			buildSettings = {
				BUNDLE_LOADER = "$(BUILT_PRODUCTS_DIR)/DKNightVersion.app/DKNightVersion";
				FRAMEWORK_SEARCH_PATHS = (
					"$(SDKROOT)/Developer/Library/Frameworks",
					"$(inherited)",
				);
				INFOPLIST_FILE = DKNightVersionTests/Info.plist;
				LD_RUNPATH_SEARCH_PATHS = "$(inherited) @executable_path/Frameworks @loader_path/Frameworks";
				PRODUCT_BUNDLE_IDENTIFIER = "com.draven.$(PRODUCT_NAME:rfc1034identifier)";
				PRODUCT_NAME = "$(TARGET_NAME)";
				TEST_HOST = "$(BUNDLE_LOADER)";
			};
			name = Release;
		};
/* End XCBuildConfiguration section */

/* Begin XCConfigurationList section */
		189854B11ADD5B550050568B /* Build configuration list for PBXProject "DKNightVersion" */ = {
			isa = XCConfigurationList;
			buildConfigurations = (
				189854D11ADD5B560050568B /* Debug */,
				189854D21ADD5B560050568B /* Release */,
			);
			defaultConfigurationIsVisible = 0;
			defaultConfigurationName = Release;
		};
		189854D31ADD5B560050568B /* Build configuration list for PBXNativeTarget "DKNightVersion" */ = {
			isa = XCConfigurationList;
			buildConfigurations = (
				189854D41ADD5B560050568B /* Debug */,
				189854D51ADD5B560050568B /* Release */,
			);
			defaultConfigurationIsVisible = 0;
			defaultConfigurationName = Release;
		};
		189854D61ADD5B560050568B /* Build configuration list for PBXNativeTarget "DKNightVersionTests" */ = {
			isa = XCConfigurationList;
			buildConfigurations = (
				189854D71ADD5B560050568B /* Debug */,
				189854D81ADD5B560050568B /* Release */,
			);
			defaultConfigurationIsVisible = 0;
			defaultConfigurationName = Release;
		};
/* End XCConfigurationList section */
	};
	rootObject = 189854AE1ADD5B550050568B /* Project object */;
}
