// !$*UTF8*$!
{
	archiveVersion = 1;
	classes = {
	};
	objectVersion = 46;
	objects = {

/* Begin PBXBuildFile section */
		07085D5C5A7A55DA5BFFC71E /* UITabBar+NightVersion.h in Headers */ = {isa = PBXBuildFile; fileRef = 360E82E3DCB7AD25B0218900 /* UITabBar+NightVersion.h */; };
		08488F6C1433D71401E67B85 /* UITableView+SeparatorColor.m in Sources */ = {isa = PBXBuildFile; fileRef = 39853691C9EDE2E809361233 /* UITableView+SeparatorColor.m */; };
		10A410BFE31AEF44BD4DB930 /* UILabel+NightVersion.h in Headers */ = {isa = PBXBuildFile; fileRef = 40FDB8F3FD5778DCB8F04F60 /* UILabel+NightVersion.h */; };
		14EBBDBBDC3B5F080896A7B8 /* UILabel+TextColor.m in Sources */ = {isa = PBXBuildFile; fileRef = 569F2987B0EADD2F9C9477DA /* UILabel+TextColor.m */; };
		1816313E1AFE549A00A20423 /* property.json in Resources */ = {isa = PBXBuildFile; fileRef = 1816313D1AFE549A00A20423 /* property.json */; };
		182BCC251AFF199A0095BF9C /* PresentingViewController.h in Headers */ = {isa = PBXBuildFile; fileRef = 182BCC231AFF199A0095BF9C /* PresentingViewController.h */; };
		182BCC261AFF199A0095BF9C /* PresentingViewController.m in Sources */ = {isa = PBXBuildFile; fileRef = 182BCC241AFF199A0095BF9C /* PresentingViewController.m */; };
		186AC5221AF855410095ED95 /* DKNightVersionManagerTest.m in Sources */ = {isa = PBXBuildFile; fileRef = 186AC5211AF855410095ED95 /* DKNightVersionManagerTest.m */; };
		18CC76F91B0091C1004D9172 /* UIViewController+ChangeColor.h in Headers */ = {isa = PBXBuildFile; fileRef = 18CC76F71B0091C1004D9172 /* UIViewController+ChangeColor.h */; };
		18CC76FA1B0091C1004D9172 /* UIViewController+ChangeColor.m in Sources */ = {isa = PBXBuildFile; fileRef = 18CC76F81B0091C1004D9172 /* UIViewController+ChangeColor.m */; };
		18D2288D1AF8BA4F00872BF1 /* UINavigationBar+Animation.m in Sources */ = {isa = PBXBuildFile; fileRef = 18D2288C1AF8BA4F00872BF1 /* UINavigationBar+Animation.m */; };
		18D228911AF8BA8700872BF1 /* DKNightVersionManager.m in Sources */ = {isa = PBXBuildFile; fileRef = 18D228901AF8BA8700872BF1 /* DKNightVersionManager.m */; };
		18D228941AF8BB6200872BF1 /* AppDelegate.m in Sources */ = {isa = PBXBuildFile; fileRef = 18D228931AF8BB6200872BF1 /* AppDelegate.m */; };
		18D2289B1AF8BB6800872BF1 /* RootViewController.m in Sources */ = {isa = PBXBuildFile; fileRef = 18D228961AF8BB6800872BF1 /* RootViewController.m */; };
		18D2289C1AF8BB6800872BF1 /* SuccViewController.m in Sources */ = {isa = PBXBuildFile; fileRef = 18D228981AF8BB6800872BF1 /* SuccViewController.m */; };
		18D2289D1AF8BB6800872BF1 /* TableViewCell.m in Sources */ = {isa = PBXBuildFile; fileRef = 18D2289A1AF8BB6800872BF1 /* TableViewCell.m */; };
		18D228A11AF8BB7800872BF1 /* main.m in Sources */ = {isa = PBXBuildFile; fileRef = 18D2289F1AF8BB7800872BF1 /* main.m */; };
		18D228A61AF8BB8D00872BF1 /* Images.xcassets in Resources */ = {isa = PBXBuildFile; fileRef = 18D228A51AF8BB8D00872BF1 /* Images.xcassets */; };
		18D228A71AF8BC1A00872BF1 /* LaunchScreen.xib in Resources */ = {isa = PBXBuildFile; fileRef = 18D228A21AF8BB8500872BF1 /* LaunchScreen.xib */; };
		1B827EA06077A8C7FF9D0331 /* UIBarButtonItem+TintColor.h in Headers */ = {isa = PBXBuildFile; fileRef = 3C1C577556EEF1DCB5C6AFD3 /* UIBarButtonItem+TintColor.h */; };
		307834B193D79C4DD856CB30 /* UITableViewCell+NightVersion.m in Sources */ = {isa = PBXBuildFile; fileRef = 2BA7F89A3DFD53114A8F4C10 /* UITableViewCell+NightVersion.m */; };
		338FD4B71E36DBBE80EEBDEB /* UITableView+NightVersion.m in Sources */ = {isa = PBXBuildFile; fileRef = 0ABEA2DA31157AF3E8351D5A /* UITableView+NightVersion.m */; };
		3E15E1EC1109EF7CD791BCC9 /* UITableViewCell+BackgroundColor.h in Headers */ = {isa = PBXBuildFile; fileRef = 8A85CA6FE3A639298D2E2154 /* UITableViewCell+BackgroundColor.h */; };
		3E97DB978B2CDD4D834EF45D /* UITableView+NightVersion.h in Headers */ = {isa = PBXBuildFile; fileRef = 7C81EF68BA6622AD5A168E4B /* UITableView+NightVersion.h */; };
		4E03A04A7EEE981713D32125 /* UIView+NightVersion.m in Sources */ = {isa = PBXBuildFile; fileRef = 8C86E143EE45C4E13D00BEC1 /* UIView+NightVersion.m */; };
		55CDA1CFED0F6B61076213F0 /* UINavigationBar+NightVersion.m in Sources */ = {isa = PBXBuildFile; fileRef = 7AB0D7CCB90C9531C296C4F6 /* UINavigationBar+NightVersion.m */; };
		56E0150EE5161B8631183723 /* UIButton+TitleColor.m in Sources */ = {isa = PBXBuildFile; fileRef = 63D01220FB647F4F5FD32328 /* UIButton+TitleColor.m */; };
		5E2EB1D1060B1AA8B34BAA78 /* UIButton+TitleColor.h in Headers */ = {isa = PBXBuildFile; fileRef = CB60C1AD3AE07EA4D2F96774 /* UIButton+TitleColor.h */; };
		656650C25F204E7EB6BC8F08 /* UIBarButtonItem+TintColor.m in Sources */ = {isa = PBXBuildFile; fileRef = 45139DC61D28346D1D901BAB /* UIBarButtonItem+TintColor.m */; };
		67B94062598E37DA72A1D7EA /* UITableViewCell+BackgroundColor.m in Sources */ = {isa = PBXBuildFile; fileRef = 9AEBD3392BD9A6E1BB10A259 /* UITableViewCell+BackgroundColor.m */; };
		738343048D6D5582D51E3DCB /* UITableView+BackgroundColor.m in Sources */ = {isa = PBXBuildFile; fileRef = 613EA2856DEDECF5E4F2FD86 /* UITableView+BackgroundColor.m */; };
		7D42D86A2258808CF2553442 /* UIBarButtonItem+NightVersion.m in Sources */ = {isa = PBXBuildFile; fileRef = EB3B85E461D3CE4727BD516E /* UIBarButtonItem+NightVersion.m */; };
		813D745C28C8703707AC1939 /* UIView+NightVersion.h in Headers */ = {isa = PBXBuildFile; fileRef = BC3E93FF076A9612DDB9EADA /* UIView+NightVersion.h */; };
		8358723B317D837CF9300D95 /* UITabBar+BarTintColor.m in Sources */ = {isa = PBXBuildFile; fileRef = 6BC9F0053EF28DEC3025FA62 /* UITabBar+BarTintColor.m */; };
		8BF15EE34DCB20F86B87B511 /* UITableView+SeparatorColor.h in Headers */ = {isa = PBXBuildFile; fileRef = 528A869A3798E603BE42986F /* UITableView+SeparatorColor.h */; };
		8DA26FA920786573653FC45F /* UINavigationBar+BarTintColor.m in Sources */ = {isa = PBXBuildFile; fileRef = BCA4A3B29C91B2AD455E962C /* UINavigationBar+BarTintColor.m */; };
		93D4C07D5F9EF0ECB5B3AA4A /* UINavigationBar+NightVersion.h in Headers */ = {isa = PBXBuildFile; fileRef = 9B506A66D9864227389F9B54 /* UINavigationBar+NightVersion.h */; };
		9FA4B5EC48F4E6CFAD0CA9B0 /* UITabBar+NightVersion.m in Sources */ = {isa = PBXBuildFile; fileRef = 7C0FD44739E3D69ED1A7D333 /* UITabBar+NightVersion.m */; };
		A7AB74E2277BAF31ABB5625F /* UITabBar+BarTintColor.h in Headers */ = {isa = PBXBuildFile; fileRef = E3C3B3930BF232866CA7B483 /* UITabBar+BarTintColor.h */; };
		ACAB95FA134CF2F8212F4391 /* UIScrollView+NightVersion.m in Sources */ = {isa = PBXBuildFile; fileRef = DFC7F4A578513B1A48B24435 /* UIScrollView+NightVersion.m */; };
		B175B36E9B9F30EB37C942FD /* UITableView+BackgroundColor.h in Headers */ = {isa = PBXBuildFile; fileRef = 70937DE6FBDA3E039EFDBAB1 /* UITableView+BackgroundColor.h */; };
		B33DE80BA0BE66BFBFFB7062 /* UINavigationBar+BarTintColor.h in Headers */ = {isa = PBXBuildFile; fileRef = AF757AB1D7130DD1C70D0B66 /* UINavigationBar+BarTintColor.h */; };
		B9BDF284C3D45B3FECAECFF3 /* UILabel+NightVersion.m in Sources */ = {isa = PBXBuildFile; fileRef = BA2E8130C1F0A058B0F00CE3 /* UILabel+NightVersion.m */; };
		BA084F70C318D3398C0D391E /* UIScrollView+BackgroundColor.h in Headers */ = {isa = PBXBuildFile; fileRef = 9B6CEB35F8C98401BBDB6D8C /* UIScrollView+BackgroundColor.h */; };
		C1C74B19D6CB0C70A7BF9D7E /* UIButton+NightVersion.m in Sources */ = {isa = PBXBuildFile; fileRef = 7DB521DA43FE60EA4E5D9B5B /* UIButton+NightVersion.m */; };
		C1F014DA049C77389816626C /* UITableViewCell+NightVersion.h in Headers */ = {isa = PBXBuildFile; fileRef = 0980EB03BB2794F86AACE674 /* UITableViewCell+NightVersion.h */; };
		C265E976452EBE3DC9AB62D4 /* UINavigationBar+TintColor.h in Headers */ = {isa = PBXBuildFile; fileRef = CA1D4121A5014EDC911EBA48 /* UINavigationBar+TintColor.h */; };
		CB1530985E9269FD8C446C7A /* UIScrollView+NightVersion.h in Headers */ = {isa = PBXBuildFile; fileRef = E6D283A8D77D3E989724B2CD /* UIScrollView+NightVersion.h */; };
		D6484FDBE25305AEEBAE07A5 /* UIView+BackgroundColor.h in Headers */ = {isa = PBXBuildFile; fileRef = 6A22140481C58C3F1B6B1108 /* UIView+BackgroundColor.h */; };
		D86D49C7F8977CBF19A6042D /* UILabel+TextColor.h in Headers */ = {isa = PBXBuildFile; fileRef = 1AFDCEFAEA4FDF8ED27B7F86 /* UILabel+TextColor.h */; };
		DD2BA8C1D3E4BD9D7F324228 /* UIScrollView+BackgroundColor.m in Sources */ = {isa = PBXBuildFile; fileRef = 775A1270553F570F9F60D291 /* UIScrollView+BackgroundColor.m */; };
		EB6AE8D7AFEB102FB1AC9D87 /* UIView+BackgroundColor.m in Sources */ = {isa = PBXBuildFile; fileRef = 95A5A8B8AE7A829CB85EC23A /* UIView+BackgroundColor.m */; };
		F43074299A28DA84E5923779 /* UINavigationBar+TintColor.m in Sources */ = {isa = PBXBuildFile; fileRef = 3D875A5AFF1D949BA838EF89 /* UINavigationBar+TintColor.m */; };
		FAFB22EA4E0D9502E3F62291 /* UIButton+NightVersion.h in Headers */ = {isa = PBXBuildFile; fileRef = B152BDEFD4CD97D8D1F4A4A7 /* UIButton+NightVersion.h */; };
		FFE823DC4465A8ED23AA1628 /* UIBarButtonItem+NightVersion.h in Headers */ = {isa = PBXBuildFile; fileRef = 0BF0631AE155588C39C84926 /* UIBarButtonItem+NightVersion.h */; };
/* End PBXBuildFile section */

/* Begin PBXContainerItemProxy section */
		189854CA1ADD5B560050568B /* PBXContainerItemProxy */ = {
			isa = PBXContainerItemProxy;
			containerPortal = 189854AE1ADD5B550050568B /* Project object */;
			proxyType = 1;
			remoteGlobalIDString = 189854B51ADD5B550050568B;
			remoteInfo = DKNightVersion;
		};
/* End PBXContainerItemProxy section */

/* Begin PBXFileReference section */
		0980EB03BB2794F86AACE674 /* UITableViewCell+NightVersion.h */ = {isa = PBXFileReference; includeInIndex = 1; lastKnownFileType = sourcecode.c.h; name = "UITableViewCell+NightVersion.h"; path = "./Classes/UIKit/UITableViewCell/UITableViewCell+NightVersion.h"; sourceTree = "<group>"; };
		0ABEA2DA31157AF3E8351D5A /* UITableView+NightVersion.m */ = {isa = PBXFileReference; includeInIndex = 1; lastKnownFileType = sourcecode.c.objc; name = "UITableView+NightVersion.m"; path = "./Classes/UIKit/UITableView/UITableView+NightVersion.m"; sourceTree = "<group>"; };
		0BF0631AE155588C39C84926 /* UIBarButtonItem+NightVersion.h */ = {isa = PBXFileReference; includeInIndex = 1; lastKnownFileType = sourcecode.c.h; name = "UIBarButtonItem+NightVersion.h"; path = "./Classes/UIKit/UIBarButtonItem/UIBarButtonItem+NightVersion.h"; sourceTree = "<group>"; };
		1816313D1AFE549A00A20423 /* property.json */ = {isa = PBXFileReference; fileEncoding = 4; lastKnownFileType = text.json; path = property.json; sourceTree = SOURCE_ROOT; };
		182BCC231AFF199A0095BF9C /* PresentingViewController.h */ = {isa = PBXFileReference; fileEncoding = 4; lastKnownFileType = sourcecode.c.h; name = PresentingViewController.h; path = Demo/PresentingViewController.h; sourceTree = SOURCE_ROOT; };
		182BCC241AFF199A0095BF9C /* PresentingViewController.m */ = {isa = PBXFileReference; fileEncoding = 4; lastKnownFileType = sourcecode.c.objc; name = PresentingViewController.m; path = Demo/PresentingViewController.m; sourceTree = SOURCE_ROOT; };
		186AC5211AF855410095ED95 /* DKNightVersionManagerTest.m */ = {isa = PBXFileReference; fileEncoding = 4; lastKnownFileType = sourcecode.c.objc; path = DKNightVersionManagerTest.m; sourceTree = "<group>"; };
		189854B61ADD5B550050568B /* DKNightVersion.app */ = {isa = PBXFileReference; explicitFileType = wrapper.application; includeInIndex = 0; path = DKNightVersion.app; sourceTree = BUILT_PRODUCTS_DIR; };
		189854C91ADD5B560050568B /* DKNightVersionTests.xctest */ = {isa = PBXFileReference; explicitFileType = wrapper.cfbundle; includeInIndex = 0; path = DKNightVersionTests.xctest; sourceTree = BUILT_PRODUCTS_DIR; };
		189854CE1ADD5B560050568B /* Info.plist */ = {isa = PBXFileReference; lastKnownFileType = text.plist.xml; path = Info.plist; sourceTree = "<group>"; };
		18CC76F71B0091C1004D9172 /* UIViewController+ChangeColor.h */ = {isa = PBXFileReference; fileEncoding = 4; lastKnownFileType = sourcecode.c.h; path = "UIViewController+ChangeColor.h"; sourceTree = "<group>"; };
		18CC76F81B0091C1004D9172 /* UIViewController+ChangeColor.m */ = {isa = PBXFileReference; fileEncoding = 4; lastKnownFileType = sourcecode.c.objc; path = "UIViewController+ChangeColor.m"; sourceTree = "<group>"; };
		18D2288B1AF8BA4F00872BF1 /* UINavigationBar+Animation.h */ = {isa = PBXFileReference; fileEncoding = 4; lastKnownFileType = sourcecode.c.h; name = "UINavigationBar+Animation.h"; path = "Classes/Helper/UINavigationBar+Animation.h"; sourceTree = SOURCE_ROOT; };
		18D2288C1AF8BA4F00872BF1 /* UINavigationBar+Animation.m */ = {isa = PBXFileReference; fileEncoding = 4; lastKnownFileType = sourcecode.c.objc; name = "UINavigationBar+Animation.m"; path = "Classes/Helper/UINavigationBar+Animation.m"; sourceTree = SOURCE_ROOT; };
		18D2288E1AF8BA7100872BF1 /* DKNightVersion.h */ = {isa = PBXFileReference; lastKnownFileType = sourcecode.c.h; name = DKNightVersion.h; path = Classes/DKNightVersion.h; sourceTree = SOURCE_ROOT; };
		18D2288F1AF8BA8700872BF1 /* DKNightVersionManager.h */ = {isa = PBXFileReference; fileEncoding = 4; lastKnownFileType = sourcecode.c.h; name = DKNightVersionManager.h; path = Classes/Core/DKNightVersionManager.h; sourceTree = SOURCE_ROOT; };
		18D228901AF8BA8700872BF1 /* DKNightVersionManager.m */ = {isa = PBXFileReference; fileEncoding = 4; lastKnownFileType = sourcecode.c.objc; name = DKNightVersionManager.m; path = Classes/Core/DKNightVersionManager.m; sourceTree = SOURCE_ROOT; };
		18D228921AF8BB6200872BF1 /* AppDelegate.h */ = {isa = PBXFileReference; fileEncoding = 4; lastKnownFileType = sourcecode.c.h; name = AppDelegate.h; path = Demo/AppDelegate.h; sourceTree = SOURCE_ROOT; };
		18D228931AF8BB6200872BF1 /* AppDelegate.m */ = {isa = PBXFileReference; fileEncoding = 4; lastKnownFileType = sourcecode.c.objc; name = AppDelegate.m; path = Demo/AppDelegate.m; sourceTree = SOURCE_ROOT; };
		18D228951AF8BB6800872BF1 /* RootViewController.h */ = {isa = PBXFileReference; fileEncoding = 4; lastKnownFileType = sourcecode.c.h; name = RootViewController.h; path = Demo/RootViewController.h; sourceTree = SOURCE_ROOT; };
		18D228961AF8BB6800872BF1 /* RootViewController.m */ = {isa = PBXFileReference; fileEncoding = 4; lastKnownFileType = sourcecode.c.objc; name = RootViewController.m; path = Demo/RootViewController.m; sourceTree = SOURCE_ROOT; };
		18D228971AF8BB6800872BF1 /* SuccViewController.h */ = {isa = PBXFileReference; fileEncoding = 4; lastKnownFileType = sourcecode.c.h; name = SuccViewController.h; path = Demo/SuccViewController.h; sourceTree = SOURCE_ROOT; };
		18D228981AF8BB6800872BF1 /* SuccViewController.m */ = {isa = PBXFileReference; fileEncoding = 4; lastKnownFileType = sourcecode.c.objc; name = SuccViewController.m; path = Demo/SuccViewController.m; sourceTree = SOURCE_ROOT; };
		18D228991AF8BB6800872BF1 /* TableViewCell.h */ = {isa = PBXFileReference; fileEncoding = 4; lastKnownFileType = sourcecode.c.h; name = TableViewCell.h; path = Demo/TableViewCell.h; sourceTree = SOURCE_ROOT; };
		18D2289A1AF8BB6800872BF1 /* TableViewCell.m */ = {isa = PBXFileReference; fileEncoding = 4; lastKnownFileType = sourcecode.c.objc; name = TableViewCell.m; path = Demo/TableViewCell.m; sourceTree = SOURCE_ROOT; };
		18D2289E1AF8BB7800872BF1 /* Info.plist */ = {isa = PBXFileReference; fileEncoding = 4; lastKnownFileType = text.plist.xml; name = Info.plist; path = Demo/Info.plist; sourceTree = SOURCE_ROOT; };
		18D2289F1AF8BB7800872BF1 /* main.m */ = {isa = PBXFileReference; fileEncoding = 4; lastKnownFileType = sourcecode.c.objc; name = main.m; path = Demo/main.m; sourceTree = SOURCE_ROOT; };
		18D228A31AF8BB8500872BF1 /* Base */ = {isa = PBXFileReference; lastKnownFileType = file.xib; name = Base; path = Demo/Base.lproj/LaunchScreen.xib; sourceTree = SOURCE_ROOT; };
		18D228A51AF8BB8D00872BF1 /* Images.xcassets */ = {isa = PBXFileReference; lastKnownFileType = folder.assetcatalog; name = Images.xcassets; path = Demo/Images.xcassets; sourceTree = SOURCE_ROOT; };
		1AFDCEFAEA4FDF8ED27B7F86 /* UILabel+TextColor.h */ = {isa = PBXFileReference; includeInIndex = 1; lastKnownFileType = sourcecode.c.h; name = "UILabel+TextColor.h"; path = "./Classes/UIKit/UILabel/UILabel+TextColor.h"; sourceTree = "<group>"; };
		2BA7F89A3DFD53114A8F4C10 /* UITableViewCell+NightVersion.m */ = {isa = PBXFileReference; includeInIndex = 1; lastKnownFileType = sourcecode.c.objc; name = "UITableViewCell+NightVersion.m"; path = "./Classes/UIKit/UITableViewCell/UITableViewCell+NightVersion.m"; sourceTree = "<group>"; };
		360E82E3DCB7AD25B0218900 /* UITabBar+NightVersion.h */ = {isa = PBXFileReference; includeInIndex = 1; lastKnownFileType = sourcecode.c.h; name = "UITabBar+NightVersion.h"; path = "./Classes/UIKit/UITabBar/UITabBar+NightVersion.h"; sourceTree = "<group>"; };
		39853691C9EDE2E809361233 /* UITableView+SeparatorColor.m */ = {isa = PBXFileReference; includeInIndex = 1; lastKnownFileType = sourcecode.c.objc; name = "UITableView+SeparatorColor.m"; path = "./Classes/UIKit/UITableView/UITableView+SeparatorColor.m"; sourceTree = "<group>"; };
		3C1C577556EEF1DCB5C6AFD3 /* UIBarButtonItem+TintColor.h */ = {isa = PBXFileReference; includeInIndex = 1; lastKnownFileType = sourcecode.c.h; name = "UIBarButtonItem+TintColor.h"; path = "./Classes/UIKit/UIBarButtonItem/UIBarButtonItem+TintColor.h"; sourceTree = "<group>"; };
		3D875A5AFF1D949BA838EF89 /* UINavigationBar+TintColor.m */ = {isa = PBXFileReference; includeInIndex = 1; lastKnownFileType = sourcecode.c.objc; name = "UINavigationBar+TintColor.m"; path = "./Classes/UIKit/UINavigationBar/UINavigationBar+TintColor.m"; sourceTree = "<group>"; };
		40FDB8F3FD5778DCB8F04F60 /* UILabel+NightVersion.h */ = {isa = PBXFileReference; includeInIndex = 1; lastKnownFileType = sourcecode.c.h; name = "UILabel+NightVersion.h"; path = "./Classes/UIKit/UILabel/UILabel+NightVersion.h"; sourceTree = "<group>"; };
		45139DC61D28346D1D901BAB /* UIBarButtonItem+TintColor.m */ = {isa = PBXFileReference; includeInIndex = 1; lastKnownFileType = sourcecode.c.objc; name = "UIBarButtonItem+TintColor.m"; path = "./Classes/UIKit/UIBarButtonItem/UIBarButtonItem+TintColor.m"; sourceTree = "<group>"; };
		528A869A3798E603BE42986F /* UITableView+SeparatorColor.h */ = {isa = PBXFileReference; includeInIndex = 1; lastKnownFileType = sourcecode.c.h; name = "UITableView+SeparatorColor.h"; path = "./Classes/UIKit/UITableView/UITableView+SeparatorColor.h"; sourceTree = "<group>"; };
		569F2987B0EADD2F9C9477DA /* UILabel+TextColor.m */ = {isa = PBXFileReference; includeInIndex = 1; lastKnownFileType = sourcecode.c.objc; name = "UILabel+TextColor.m"; path = "./Classes/UIKit/UILabel/UILabel+TextColor.m"; sourceTree = "<group>"; };
		613EA2856DEDECF5E4F2FD86 /* UITableView+BackgroundColor.m */ = {isa = PBXFileReference; includeInIndex = 1; lastKnownFileType = sourcecode.c.objc; name = "UITableView+BackgroundColor.m"; path = "./Classes/UIKit/UITableView/UITableView+BackgroundColor.m"; sourceTree = "<group>"; };
		63D01220FB647F4F5FD32328 /* UIButton+TitleColor.m */ = {isa = PBXFileReference; includeInIndex = 1; lastKnownFileType = sourcecode.c.objc; name = "UIButton+TitleColor.m"; path = "./Classes/UIKit/UIButton/UIButton+TitleColor.m"; sourceTree = "<group>"; };
		6A22140481C58C3F1B6B1108 /* UIView+BackgroundColor.h */ = {isa = PBXFileReference; includeInIndex = 1; lastKnownFileType = sourcecode.c.h; name = "UIView+BackgroundColor.h"; path = "./Classes/UIKit/UIView/UIView+BackgroundColor.h"; sourceTree = "<group>"; };
		6BC9F0053EF28DEC3025FA62 /* UITabBar+BarTintColor.m */ = {isa = PBXFileReference; includeInIndex = 1; lastKnownFileType = sourcecode.c.objc; name = "UITabBar+BarTintColor.m"; path = "./Classes/UIKit/UITabBar/UITabBar+BarTintColor.m"; sourceTree = "<group>"; };
		70937DE6FBDA3E039EFDBAB1 /* UITableView+BackgroundColor.h */ = {isa = PBXFileReference; includeInIndex = 1; lastKnownFileType = sourcecode.c.h; name = "UITableView+BackgroundColor.h"; path = "./Classes/UIKit/UITableView/UITableView+BackgroundColor.h"; sourceTree = "<group>"; };
		775A1270553F570F9F60D291 /* UIScrollView+BackgroundColor.m */ = {isa = PBXFileReference; includeInIndex = 1; lastKnownFileType = sourcecode.c.objc; name = "UIScrollView+BackgroundColor.m"; path = "./Classes/UIKit/UIScrollView/UIScrollView+BackgroundColor.m"; sourceTree = "<group>"; };
		7AB0D7CCB90C9531C296C4F6 /* UINavigationBar+NightVersion.m */ = {isa = PBXFileReference; includeInIndex = 1; lastKnownFileType = sourcecode.c.objc; name = "UINavigationBar+NightVersion.m"; path = "./Classes/UIKit/UINavigationBar/UINavigationBar+NightVersion.m"; sourceTree = "<group>"; };
		7C0FD44739E3D69ED1A7D333 /* UITabBar+NightVersion.m */ = {isa = PBXFileReference; includeInIndex = 1; lastKnownFileType = sourcecode.c.objc; name = "UITabBar+NightVersion.m"; path = "./Classes/UIKit/UITabBar/UITabBar+NightVersion.m"; sourceTree = "<group>"; };
		7C81EF68BA6622AD5A168E4B /* UITableView+NightVersion.h */ = {isa = PBXFileReference; includeInIndex = 1; lastKnownFileType = sourcecode.c.h; name = "UITableView+NightVersion.h"; path = "./Classes/UIKit/UITableView/UITableView+NightVersion.h"; sourceTree = "<group>"; };
		7DB521DA43FE60EA4E5D9B5B /* UIButton+NightVersion.m */ = {isa = PBXFileReference; includeInIndex = 1; lastKnownFileType = sourcecode.c.objc; name = "UIButton+NightVersion.m"; path = "./Classes/UIKit/UIButton/UIButton+NightVersion.m"; sourceTree = "<group>"; };
		8A85CA6FE3A639298D2E2154 /* UITableViewCell+BackgroundColor.h */ = {isa = PBXFileReference; includeInIndex = 1; lastKnownFileType = sourcecode.c.h; name = "UITableViewCell+BackgroundColor.h"; path = "./Classes/UIKit/UITableViewCell/UITableViewCell+BackgroundColor.h"; sourceTree = "<group>"; };
		8C86E143EE45C4E13D00BEC1 /* UIView+NightVersion.m */ = {isa = PBXFileReference; includeInIndex = 1; lastKnownFileType = sourcecode.c.objc; name = "UIView+NightVersion.m"; path = "./Classes/UIKit/UIView/UIView+NightVersion.m"; sourceTree = "<group>"; };
		95A5A8B8AE7A829CB85EC23A /* UIView+BackgroundColor.m */ = {isa = PBXFileReference; includeInIndex = 1; lastKnownFileType = sourcecode.c.objc; name = "UIView+BackgroundColor.m"; path = "./Classes/UIKit/UIView/UIView+BackgroundColor.m"; sourceTree = "<group>"; };
		9AEBD3392BD9A6E1BB10A259 /* UITableViewCell+BackgroundColor.m */ = {isa = PBXFileReference; includeInIndex = 1; lastKnownFileType = sourcecode.c.objc; name = "UITableViewCell+BackgroundColor.m"; path = "./Classes/UIKit/UITableViewCell/UITableViewCell+BackgroundColor.m"; sourceTree = "<group>"; };
		9B506A66D9864227389F9B54 /* UINavigationBar+NightVersion.h */ = {isa = PBXFileReference; includeInIndex = 1; lastKnownFileType = sourcecode.c.h; name = "UINavigationBar+NightVersion.h"; path = "./Classes/UIKit/UINavigationBar/UINavigationBar+NightVersion.h"; sourceTree = "<group>"; };
		9B6CEB35F8C98401BBDB6D8C /* UIScrollView+BackgroundColor.h */ = {isa = PBXFileReference; includeInIndex = 1; lastKnownFileType = sourcecode.c.h; name = "UIScrollView+BackgroundColor.h"; path = "./Classes/UIKit/UIScrollView/UIScrollView+BackgroundColor.h"; sourceTree = "<group>"; };
		AF757AB1D7130DD1C70D0B66 /* UINavigationBar+BarTintColor.h */ = {isa = PBXFileReference; includeInIndex = 1; lastKnownFileType = sourcecode.c.h; name = "UINavigationBar+BarTintColor.h"; path = "./Classes/UIKit/UINavigationBar/UINavigationBar+BarTintColor.h"; sourceTree = "<group>"; };
		B152BDEFD4CD97D8D1F4A4A7 /* UIButton+NightVersion.h */ = {isa = PBXFileReference; includeInIndex = 1; lastKnownFileType = sourcecode.c.h; name = "UIButton+NightVersion.h"; path = "./Classes/UIKit/UIButton/UIButton+NightVersion.h"; sourceTree = "<group>"; };
		BA2E8130C1F0A058B0F00CE3 /* UILabel+NightVersion.m */ = {isa = PBXFileReference; includeInIndex = 1; lastKnownFileType = sourcecode.c.objc; name = "UILabel+NightVersion.m"; path = "./Classes/UIKit/UILabel/UILabel+NightVersion.m"; sourceTree = "<group>"; };
		BC3E93FF076A9612DDB9EADA /* UIView+NightVersion.h */ = {isa = PBXFileReference; includeInIndex = 1; lastKnownFileType = sourcecode.c.h; name = "UIView+NightVersion.h"; path = "./Classes/UIKit/UIView/UIView+NightVersion.h"; sourceTree = "<group>"; };
		BCA4A3B29C91B2AD455E962C /* UINavigationBar+BarTintColor.m */ = {isa = PBXFileReference; includeInIndex = 1; lastKnownFileType = sourcecode.c.objc; name = "UINavigationBar+BarTintColor.m"; path = "./Classes/UIKit/UINavigationBar/UINavigationBar+BarTintColor.m"; sourceTree = "<group>"; };
		CA1D4121A5014EDC911EBA48 /* UINavigationBar+TintColor.h */ = {isa = PBXFileReference; includeInIndex = 1; lastKnownFileType = sourcecode.c.h; name = "UINavigationBar+TintColor.h"; path = "./Classes/UIKit/UINavigationBar/UINavigationBar+TintColor.h"; sourceTree = "<group>"; };
		CB60C1AD3AE07EA4D2F96774 /* UIButton+TitleColor.h */ = {isa = PBXFileReference; includeInIndex = 1; lastKnownFileType = sourcecode.c.h; name = "UIButton+TitleColor.h"; path = "./Classes/UIKit/UIButton/UIButton+TitleColor.h"; sourceTree = "<group>"; };
		DFC7F4A578513B1A48B24435 /* UIScrollView+NightVersion.m */ = {isa = PBXFileReference; includeInIndex = 1; lastKnownFileType = sourcecode.c.objc; name = "UIScrollView+NightVersion.m"; path = "./Classes/UIKit/UIScrollView/UIScrollView+NightVersion.m"; sourceTree = "<group>"; };
		E3C3B3930BF232866CA7B483 /* UITabBar+BarTintColor.h */ = {isa = PBXFileReference; includeInIndex = 1; lastKnownFileType = sourcecode.c.h; name = "UITabBar+BarTintColor.h"; path = "./Classes/UIKit/UITabBar/UITabBar+BarTintColor.h"; sourceTree = "<group>"; };
		E6D283A8D77D3E989724B2CD /* UIScrollView+NightVersion.h */ = {isa = PBXFileReference; includeInIndex = 1; lastKnownFileType = sourcecode.c.h; name = "UIScrollView+NightVersion.h"; path = "./Classes/UIKit/UIScrollView/UIScrollView+NightVersion.h"; sourceTree = "<group>"; };
		EB3B85E461D3CE4727BD516E /* UIBarButtonItem+NightVersion.m */ = {isa = PBXFileReference; includeInIndex = 1; lastKnownFileType = sourcecode.c.objc; name = "UIBarButtonItem+NightVersion.m"; path = "./Classes/UIKit/UIBarButtonItem/UIBarButtonItem+NightVersion.m"; sourceTree = "<group>"; };
/* End PBXFileReference section */

/* Begin PBXFrameworksBuildPhase section */
		189854B31ADD5B550050568B /* Frameworks */ = {
			isa = PBXFrameworksBuildPhase;
			buildActionMask = 2147483647;
			files = (
			);
			runOnlyForDeploymentPostprocessing = 0;
		};
		189854C61ADD5B560050568B /* Frameworks */ = {
			isa = PBXFrameworksBuildPhase;
			buildActionMask = 2147483647;
			files = (
			);
			runOnlyForDeploymentPostprocessing = 0;
		};
/* End PBXFrameworksBuildPhase section */

/* Begin PBXGroup section */
		1689B964AE032CDB9DFEE048 /* UIBarButtonItem */ = {
			isa = PBXGroup;
			children = (
				0BF0631AE155588C39C84926 /* UIBarButtonItem+NightVersion.h */,
				EB3B85E461D3CE4727BD516E /* UIBarButtonItem+NightVersion.m */,
				3C1C577556EEF1DCB5C6AFD3 /* UIBarButtonItem+TintColor.h */,
				45139DC61D28346D1D901BAB /* UIBarButtonItem+TintColor.m */,
			);
			name = UIBarButtonItem;
			sourceTree = SOURCE_ROOT;
		};
		18063F361AF9C0C500A06A04 /* Pod */ = {
			isa = PBXGroup;
			children = (
				18A41E211AE019F000042CF4 /* Classes */,
			);
			name = Pod;
			sourceTree = "<group>";
		};
		180CDCA91AECC17F00164D1F /* Demo */ = {
			isa = PBXGroup;
			children = (
				18D228921AF8BB6200872BF1 /* AppDelegate.h */,
				18D228931AF8BB6200872BF1 /* AppDelegate.m */,
				18D228951AF8BB6800872BF1 /* RootViewController.h */,
				18D228961AF8BB6800872BF1 /* RootViewController.m */,
				18D228971AF8BB6800872BF1 /* SuccViewController.h */,
				18D228981AF8BB6800872BF1 /* SuccViewController.m */,
				18D228991AF8BB6800872BF1 /* TableViewCell.h */,
				18D2289A1AF8BB6800872BF1 /* TableViewCell.m */,
				182BCC231AFF199A0095BF9C /* PresentingViewController.h */,
				182BCC241AFF199A0095BF9C /* PresentingViewController.m */,
			);
			name = Demo;
			sourceTree = "<group>";
		};
		1816313C1AFE549000A20423 /* MetaData */ = {
			isa = PBXGroup;
			children = (
				1816313D1AFE549A00A20423 /* property.json */,
			);
			name = MetaData;
			sourceTree = "<group>";
		};
		186AC5181AF7C4D60095ED95 /* Helper */ = {
			isa = PBXGroup;
			children = (
				18D2288B1AF8BA4F00872BF1 /* UINavigationBar+Animation.h */,
				18D2288C1AF8BA4F00872BF1 /* UINavigationBar+Animation.m */,
			);
			name = Helper;
			path = Pod/Helper;
			sourceTree = SOURCE_ROOT;
		};
		189854AD1ADD5B550050568B = {
			isa = PBXGroup;
			children = (
				189854B81ADD5B550050568B /* DKNightVersion */,
				189854CC1ADD5B560050568B /* DKNightVersionTests */,
				189854B71ADD5B550050568B /* Products */,
			);
			sourceTree = "<group>";
		};
		189854B71ADD5B550050568B /* Products */ = {
			isa = PBXGroup;
			children = (
				189854B61ADD5B550050568B /* DKNightVersion.app */,
				189854C91ADD5B560050568B /* DKNightVersionTests.xctest */,
			);
			name = Products;
			sourceTree = "<group>";
		};
		189854B81ADD5B550050568B /* DKNightVersion */ = {
			isa = PBXGroup;
			children = (
				180CDCA91AECC17F00164D1F /* Demo */,
				18063F361AF9C0C500A06A04 /* Pod */,
				18D228A51AF8BB8D00872BF1 /* Images.xcassets */,
				18D228A21AF8BB8500872BF1 /* LaunchScreen.xib */,
				189854B91ADD5B550050568B /* Supporting Files */,
			);
			path = DKNightVersion;
			sourceTree = "<group>";
		};
		189854B91ADD5B550050568B /* Supporting Files */ = {
			isa = PBXGroup;
			children = (
				18D2289E1AF8BB7800872BF1 /* Info.plist */,
				18D2289F1AF8BB7800872BF1 /* main.m */,
			);
			name = "Supporting Files";
			sourceTree = "<group>";
		};
		189854CC1ADD5B560050568B /* DKNightVersionTests */ = {
			isa = PBXGroup;
			children = (
				186AC5211AF855410095ED95 /* DKNightVersionManagerTest.m */,
				189854CD1ADD5B560050568B /* Supporting Files */,
			);
			path = DKNightVersionTests;
			sourceTree = "<group>";
		};
		189854CD1ADD5B560050568B /* Supporting Files */ = {
			isa = PBXGroup;
			children = (
				189854CE1ADD5B560050568B /* Info.plist */,
			);
			name = "Supporting Files";
			sourceTree = "<group>";
		};
		18A41E211AE019F000042CF4 /* Classes */ = {
			isa = PBXGroup;
			children = (
				18D2288E1AF8BA7100872BF1 /* DKNightVersion.h */,
				18A41E221AE019F000042CF4 /* Core */,
				18CC76F61B0091C1004D9172 /* Controller */,
				2B67D93A0ADE48CC0E58BD8E /* UIKit */,
				186AC5181AF7C4D60095ED95 /* Helper */,
				1816313C1AFE549000A20423 /* MetaData */,
			);
			name = Classes;
			path = ../Pod/Classes;
			sourceTree = "<group>";
		};
		18A41E221AE019F000042CF4 /* Core */ = {
			isa = PBXGroup;
			children = (
				18D2288F1AF8BA8700872BF1 /* DKNightVersionManager.h */,
				18D228901AF8BA8700872BF1 /* DKNightVersionManager.m */,
			);
			path = Core;
			sourceTree = "<group>";
		};
		18CC76F61B0091C1004D9172 /* Controller */ = {
			isa = PBXGroup;
			children = (
				18CC76F71B0091C1004D9172 /* UIViewController+ChangeColor.h */,
				18CC76F81B0091C1004D9172 /* UIViewController+ChangeColor.m */,
			);
			name = Controller;
			path = Classes/Controller;
			sourceTree = SOURCE_ROOT;
		};
		2204588C1BA3E62FE26D73FC /* UIButton */ = {
			isa = PBXGroup;
			children = (
				B152BDEFD4CD97D8D1F4A4A7 /* UIButton+NightVersion.h */,
				7DB521DA43FE60EA4E5D9B5B /* UIButton+NightVersion.m */,
				CB60C1AD3AE07EA4D2F96774 /* UIButton+TitleColor.h */,
				63D01220FB647F4F5FD32328 /* UIButton+TitleColor.m */,
			);
			name = UIButton;
			sourceTree = SOURCE_ROOT;
		};
		2B67D93A0ADE48CC0E58BD8E /* UIKit */ = {
			isa = PBXGroup;
			children = (
				7D3B1B56E91119D31CA9EC02 /* UIView */,
				48DB26AF848EFBD8AB470FDE /* UILabel */,
				3ADC6FB9832CDC608152FD9C /* UINavigationBar */,
				783BE06694AAF85A8ACBA38B /* UITabBar */,
				2204588C1BA3E62FE26D73FC /* UIButton */,
				1689B964AE032CDB9DFEE048 /* UIBarButtonItem */,
				5C5223AF24D3261D686869C4 /* UIScrollView */,
				40DCD3F8C8F32FEE621D3483 /* UITableView */,
				86427571727A24558E79D3AC /* UITableViewCell */,
			);
			name = UIKit;
			sourceTree = "<group>";
		};
		3ADC6FB9832CDC608152FD9C /* UINavigationBar */ = {
			isa = PBXGroup;
			children = (
				9B506A66D9864227389F9B54 /* UINavigationBar+NightVersion.h */,
				7AB0D7CCB90C9531C296C4F6 /* UINavigationBar+NightVersion.m */,
				AF757AB1D7130DD1C70D0B66 /* UINavigationBar+BarTintColor.h */,
				BCA4A3B29C91B2AD455E962C /* UINavigationBar+BarTintColor.m */,
				CA1D4121A5014EDC911EBA48 /* UINavigationBar+TintColor.h */,
				3D875A5AFF1D949BA838EF89 /* UINavigationBar+TintColor.m */,
			);
			name = UINavigationBar;
			sourceTree = SOURCE_ROOT;
		};
		40DCD3F8C8F32FEE621D3483 /* UITableView */ = {
			isa = PBXGroup;
			children = (
				7C81EF68BA6622AD5A168E4B /* UITableView+NightVersion.h */,
				0ABEA2DA31157AF3E8351D5A /* UITableView+NightVersion.m */,
				70937DE6FBDA3E039EFDBAB1 /* UITableView+BackgroundColor.h */,
				613EA2856DEDECF5E4F2FD86 /* UITableView+BackgroundColor.m */,
				528A869A3798E603BE42986F /* UITableView+SeparatorColor.h */,
				39853691C9EDE2E809361233 /* UITableView+SeparatorColor.m */,
			);
			name = UITableView;
			sourceTree = SOURCE_ROOT;
		};
		48DB26AF848EFBD8AB470FDE /* UILabel */ = {
			isa = PBXGroup;
			children = (
				40FDB8F3FD5778DCB8F04F60 /* UILabel+NightVersion.h */,
				BA2E8130C1F0A058B0F00CE3 /* UILabel+NightVersion.m */,
				1AFDCEFAEA4FDF8ED27B7F86 /* UILabel+TextColor.h */,
				569F2987B0EADD2F9C9477DA /* UILabel+TextColor.m */,
			);
			name = UILabel;
			sourceTree = SOURCE_ROOT;
		};
		5C5223AF24D3261D686869C4 /* UIScrollView */ = {
			isa = PBXGroup;
			children = (
				E6D283A8D77D3E989724B2CD /* UIScrollView+NightVersion.h */,
				DFC7F4A578513B1A48B24435 /* UIScrollView+NightVersion.m */,
				9B6CEB35F8C98401BBDB6D8C /* UIScrollView+BackgroundColor.h */,
				775A1270553F570F9F60D291 /* UIScrollView+BackgroundColor.m */,
			);
			name = UIScrollView;
			sourceTree = SOURCE_ROOT;
		};
		783BE06694AAF85A8ACBA38B /* UITabBar */ = {
			isa = PBXGroup;
			children = (
				360E82E3DCB7AD25B0218900 /* UITabBar+NightVersion.h */,
				7C0FD44739E3D69ED1A7D333 /* UITabBar+NightVersion.m */,
				E3C3B3930BF232866CA7B483 /* UITabBar+BarTintColor.h */,
				6BC9F0053EF28DEC3025FA62 /* UITabBar+BarTintColor.m */,
			);
			name = UITabBar;
			sourceTree = SOURCE_ROOT;
		};
		7D3B1B56E91119D31CA9EC02 /* UIView */ = {
			isa = PBXGroup;
			children = (
				BC3E93FF076A9612DDB9EADA /* UIView+NightVersion.h */,
				8C86E143EE45C4E13D00BEC1 /* UIView+NightVersion.m */,
				6A22140481C58C3F1B6B1108 /* UIView+BackgroundColor.h */,
				95A5A8B8AE7A829CB85EC23A /* UIView+BackgroundColor.m */,
			);
			name = UIView;
			sourceTree = SOURCE_ROOT;
		};
		86427571727A24558E79D3AC /* UITableViewCell */ = {
			isa = PBXGroup;
			children = (
				0980EB03BB2794F86AACE674 /* UITableViewCell+NightVersion.h */,
				2BA7F89A3DFD53114A8F4C10 /* UITableViewCell+NightVersion.m */,
				8A85CA6FE3A639298D2E2154 /* UITableViewCell+BackgroundColor.h */,
				9AEBD3392BD9A6E1BB10A259 /* UITableViewCell+BackgroundColor.m */,
			);
			name = UITableViewCell;
			sourceTree = SOURCE_ROOT;
		};
/* End PBXGroup section */

/* Begin PBXHeadersBuildPhase section */
		0E36EA4FBDF394D5A59A278D /* Headers */ = {
			isa = PBXHeadersBuildPhase;
			buildActionMask = 2147483647;
			files = (
				182BCC251AFF199A0095BF9C /* PresentingViewController.h in Headers */,
				18CC76F91B0091C1004D9172 /* UIViewController+ChangeColor.h in Headers */,
				813D745C28C8703707AC1939 /* UIView+NightVersion.h in Headers */,
				D6484FDBE25305AEEBAE07A5 /* UIView+BackgroundColor.h in Headers */,
				10A410BFE31AEF44BD4DB930 /* UILabel+NightVersion.h in Headers */,
				D86D49C7F8977CBF19A6042D /* UILabel+TextColor.h in Headers */,
				93D4C07D5F9EF0ECB5B3AA4A /* UINavigationBar+NightVersion.h in Headers */,
				B33DE80BA0BE66BFBFFB7062 /* UINavigationBar+BarTintColor.h in Headers */,
				C265E976452EBE3DC9AB62D4 /* UINavigationBar+TintColor.h in Headers */,
				07085D5C5A7A55DA5BFFC71E /* UITabBar+NightVersion.h in Headers */,
				A7AB74E2277BAF31ABB5625F /* UITabBar+BarTintColor.h in Headers */,
				FAFB22EA4E0D9502E3F62291 /* UIButton+NightVersion.h in Headers */,
				5E2EB1D1060B1AA8B34BAA78 /* UIButton+TitleColor.h in Headers */,
				FFE823DC4465A8ED23AA1628 /* UIBarButtonItem+NightVersion.h in Headers */,
				1B827EA06077A8C7FF9D0331 /* UIBarButtonItem+TintColor.h in Headers */,
				CB1530985E9269FD8C446C7A /* UIScrollView+NightVersion.h in Headers */,
				BA084F70C318D3398C0D391E /* UIScrollView+BackgroundColor.h in Headers */,
				3E97DB978B2CDD4D834EF45D /* UITableView+NightVersion.h in Headers */,
				B175B36E9B9F30EB37C942FD /* UITableView+BackgroundColor.h in Headers */,
				8BF15EE34DCB20F86B87B511 /* UITableView+SeparatorColor.h in Headers */,
				C1F014DA049C77389816626C /* UITableViewCell+NightVersion.h in Headers */,
				3E15E1EC1109EF7CD791BCC9 /* UITableViewCell+BackgroundColor.h in Headers */,
			);
			runOnlyForDeploymentPostprocessing = 0;
		};
		2CBE0DCBEAB143C54F997B8E /* Headers */ = {
			isa = PBXHeadersBuildPhase;
			buildActionMask = 2147483647;
			files = (
			);
			runOnlyForDeploymentPostprocessing = 0;
		};
/* End PBXHeadersBuildPhase section */

/* Begin PBXNativeTarget section */
		189854B51ADD5B550050568B /* DKNightVersion */ = {
			isa = PBXNativeTarget;
			buildConfigurationList = 189854D31ADD5B560050568B /* Build configuration list for PBXNativeTarget "DKNightVersion" */;
			buildPhases = (
				189854B21ADD5B550050568B /* Sources */,
				189854B31ADD5B550050568B /* Frameworks */,
				189854B41ADD5B550050568B /* Resources */,
				0E36EA4FBDF394D5A59A278D /* Headers */,
				1816313B1AFE52B500A20423 /* ShellScript */,
			);
			buildRules = (
			);
			dependencies = (
			);
			name = DKNightVersion;
			productName = DKNightVersion;
			productReference = 189854B61ADD5B550050568B /* DKNightVersion.app */;
			productType = "com.apple.product-type.application";
		};
		189854C81ADD5B560050568B /* DKNightVersionTests */ = {
			isa = PBXNativeTarget;
			buildConfigurationList = 189854D61ADD5B560050568B /* Build configuration list for PBXNativeTarget "DKNightVersionTests" */;
			buildPhases = (
				189854C51ADD5B560050568B /* Sources */,
				189854C61ADD5B560050568B /* Frameworks */,
				189854C71ADD5B560050568B /* Resources */,
				2CBE0DCBEAB143C54F997B8E /* Headers */,
			);
			buildRules = (
			);
			dependencies = (
				189854CB1ADD5B560050568B /* PBXTargetDependency */,
			);
			name = DKNightVersionTests;
			productName = DKNightVersionTests;
			productReference = 189854C91ADD5B560050568B /* DKNightVersionTests.xctest */;
			productType = "com.apple.product-type.bundle.unit-test";
		};
/* End PBXNativeTarget section */

/* Begin PBXProject section */
		189854AE1ADD5B550050568B /* Project object */ = {
			isa = PBXProject;
			attributes = {
				LastUpgradeCheck = 0630;
				ORGANIZATIONNAME = DeltaX;
				TargetAttributes = {
					189854B51ADD5B550050568B = {
						CreatedOnToolsVersion = 6.3;
					};
					189854C81ADD5B560050568B = {
						CreatedOnToolsVersion = 6.3;
						TestTargetID = 189854B51ADD5B550050568B;
					};
				};
			};
			buildConfigurationList = 189854B11ADD5B550050568B /* Build configuration list for PBXProject "DKNightVersion" */;
			compatibilityVersion = "Xcode 3.2";
			developmentRegion = English;
			hasScannedForEncodings = 0;
			knownRegions = (
				en,
				Base,
			);
			mainGroup = 189854AD1ADD5B550050568B;
			productRefGroup = 189854B71ADD5B550050568B /* Products */;
			projectDirPath = "";
			projectRoot = "";
			targets = (
				189854B51ADD5B550050568B /* DKNightVersion */,
				189854C81ADD5B560050568B /* DKNightVersionTests */,
			);
		};
/* End PBXProject section */

/* Begin PBXResourcesBuildPhase section */
		189854B41ADD5B550050568B /* Resources */ = {
			isa = PBXResourcesBuildPhase;
			buildActionMask = 2147483647;
			files = (
				18D228A71AF8BC1A00872BF1 /* LaunchScreen.xib in Resources */,
				18D228A61AF8BB8D00872BF1 /* Images.xcassets in Resources */,
				1816313E1AFE549A00A20423 /* property.json in Resources */,
			);
			runOnlyForDeploymentPostprocessing = 0;
		};
		189854C71ADD5B560050568B /* Resources */ = {
			isa = PBXResourcesBuildPhase;
			buildActionMask = 2147483647;
			files = (
			);
			runOnlyForDeploymentPostprocessing = 0;
		};
/* End PBXResourcesBuildPhase section */

/* Begin PBXShellScriptBuildPhase section */
		1816313B1AFE52B500A20423 /* ShellScript */ = {
			isa = PBXShellScriptBuildPhase;
			buildActionMask = 12;
			files = (
			);
			inputPaths = (
			);
			outputPaths = (
			);
			runOnlyForDeploymentPostprocessing = 0;
			shellPath = /bin/sh;
			shellScript = "
";
			showEnvVarsInLog = 0;
		};
/* End PBXShellScriptBuildPhase section */

/* Begin PBXSourcesBuildPhase section */
		189854B21ADD5B550050568B /* Sources */ = {
			isa = PBXSourcesBuildPhase;
			buildActionMask = 2147483647;
			files = (
				18D2289C1AF8BB6800872BF1 /* SuccViewController.m in Sources */,
				18D2288D1AF8BA4F00872BF1 /* UINavigationBar+Animation.m in Sources */,
				18D228911AF8BA8700872BF1 /* DKNightVersionManager.m in Sources */,
				18D228A11AF8BB7800872BF1 /* main.m in Sources */,
				18CC76FA1B0091C1004D9172 /* UIViewController+ChangeColor.m in Sources */,
				18D2289B1AF8BB6800872BF1 /* RootViewController.m in Sources */,
				18D2289D1AF8BB6800872BF1 /* TableViewCell.m in Sources */,
				18D228941AF8BB6200872BF1 /* AppDelegate.m in Sources */,
				182BCC261AFF199A0095BF9C /* PresentingViewController.m in Sources */,
				4E03A04A7EEE981713D32125 /* UIView+NightVersion.m in Sources */,
				EB6AE8D7AFEB102FB1AC9D87 /* UIView+BackgroundColor.m in Sources */,
				B9BDF284C3D45B3FECAECFF3 /* UILabel+NightVersion.m in Sources */,
				14EBBDBBDC3B5F080896A7B8 /* UILabel+TextColor.m in Sources */,
				55CDA1CFED0F6B61076213F0 /* UINavigationBar+NightVersion.m in Sources */,
				8DA26FA920786573653FC45F /* UINavigationBar+BarTintColor.m in Sources */,
				F43074299A28DA84E5923779 /* UINavigationBar+TintColor.m in Sources */,
				9FA4B5EC48F4E6CFAD0CA9B0 /* UITabBar+NightVersion.m in Sources */,
				8358723B317D837CF9300D95 /* UITabBar+BarTintColor.m in Sources */,
				C1C74B19D6CB0C70A7BF9D7E /* UIButton+NightVersion.m in Sources */,
				56E0150EE5161B8631183723 /* UIButton+TitleColor.m in Sources */,
				7D42D86A2258808CF2553442 /* UIBarButtonItem+NightVersion.m in Sources */,
				656650C25F204E7EB6BC8F08 /* UIBarButtonItem+TintColor.m in Sources */,
				ACAB95FA134CF2F8212F4391 /* UIScrollView+NightVersion.m in Sources */,
				DD2BA8C1D3E4BD9D7F324228 /* UIScrollView+BackgroundColor.m in Sources */,
				338FD4B71E36DBBE80EEBDEB /* UITableView+NightVersion.m in Sources */,
				738343048D6D5582D51E3DCB /* UITableView+BackgroundColor.m in Sources */,
				08488F6C1433D71401E67B85 /* UITableView+SeparatorColor.m in Sources */,
				307834B193D79C4DD856CB30 /* UITableViewCell+NightVersion.m in Sources */,
				67B94062598E37DA72A1D7EA /* UITableViewCell+BackgroundColor.m in Sources */,
			);
			runOnlyForDeploymentPostprocessing = 0;
		};
		189854C51ADD5B560050568B /* Sources */ = {
			isa = PBXSourcesBuildPhase;
			buildActionMask = 2147483647;
			files = (
				186AC5221AF855410095ED95 /* DKNightVersionManagerTest.m in Sources */,
			);
			runOnlyForDeploymentPostprocessing = 0;
		};
/* End PBXSourcesBuildPhase section */

/* Begin PBXTargetDependency section */
		189854CB1ADD5B560050568B /* PBXTargetDependency */ = {
			isa = PBXTargetDependency;
			target = 189854B51ADD5B550050568B /* DKNightVersion */;
			targetProxy = 189854CA1ADD5B560050568B /* PBXContainerItemProxy */;
		};
/* End PBXTargetDependency section */

/* Begin PBXVariantGroup section */
		18D228A21AF8BB8500872BF1 /* LaunchScreen.xib */ = {
			isa = PBXVariantGroup;
			children = (
				18D228A31AF8BB8500872BF1 /* Base */,
			);
			name = LaunchScreen.xib;
			sourceTree = "<group>";
		};
/* End PBXVariantGroup section */

/* Begin XCBuildConfiguration section */
		189854D11ADD5B560050568B /* Debug */ = {
			isa = XCBuildConfiguration;
			buildSettings = {
				ALWAYS_SEARCH_USER_PATHS = NO;
				CLANG_CXX_LANGUAGE_STANDARD = "gnu++0x";
				CLANG_CXX_LIBRARY = "libc++";
				CLANG_ENABLE_MODULES = YES;
				CLANG_ENABLE_OBJC_ARC = YES;
				CLANG_WARN_BOOL_CONVERSION = YES;
				CLANG_WARN_CONSTANT_CONVERSION = YES;
				CLANG_WARN_DIRECT_OBJC_ISA_USAGE = YES_ERROR;
				CLANG_WARN_EMPTY_BODY = YES;
				CLANG_WARN_ENUM_CONVERSION = YES;
				CLANG_WARN_INT_CONVERSION = YES;
				CLANG_WARN_OBJC_ROOT_CLASS = YES_ERROR;
				CLANG_WARN_UNREACHABLE_CODE = YES;
				CLANG_WARN__DUPLICATE_METHOD_MATCH = YES;
				"CODE_SIGN_IDENTITY[sdk=iphoneos*]" = "iPhone Developer";
				COPY_PHASE_STRIP = NO;
				DEBUG_INFORMATION_FORMAT = "dwarf-with-dsym";
				ENABLE_STRICT_OBJC_MSGSEND = YES;
				GCC_C_LANGUAGE_STANDARD = gnu99;
				GCC_DYNAMIC_NO_PIC = NO;
				GCC_NO_COMMON_BLOCKS = YES;
				GCC_OPTIMIZATION_LEVEL = 0;
				GCC_PREPROCESSOR_DEFINITIONS = (
					"DEBUG=1",
					"$(inherited)",
				);
				GCC_SYMBOLS_PRIVATE_EXTERN = NO;
				GCC_WARN_64_TO_32_BIT_CONVERSION = YES;
				GCC_WARN_ABOUT_RETURN_TYPE = YES_ERROR;
				GCC_WARN_UNDECLARED_SELECTOR = YES;
				GCC_WARN_UNINITIALIZED_AUTOS = YES_AGGRESSIVE;
				GCC_WARN_UNUSED_FUNCTION = YES;
				GCC_WARN_UNUSED_VARIABLE = YES;
				IPHONEOS_DEPLOYMENT_TARGET = 8.3;
				MTL_ENABLE_DEBUG_INFO = YES;
				ONLY_ACTIVE_ARCH = YES;
				SDKROOT = iphoneos;
			};
			name = Debug;
		};
		189854D21ADD5B560050568B /* Release */ = {
			isa = XCBuildConfiguration;
			buildSettings = {
				ALWAYS_SEARCH_USER_PATHS = NO;
				CLANG_CXX_LANGUAGE_STANDARD = "gnu++0x";
				CLANG_CXX_LIBRARY = "libc++";
				CLANG_ENABLE_MODULES = YES;
				CLANG_ENABLE_OBJC_ARC = YES;
				CLANG_WARN_BOOL_CONVERSION = YES;
				CLANG_WARN_CONSTANT_CONVERSION = YES;
				CLANG_WARN_DIRECT_OBJC_ISA_USAGE = YES_ERROR;
				CLANG_WARN_EMPTY_BODY = YES;
				CLANG_WARN_ENUM_CONVERSION = YES;
				CLANG_WARN_INT_CONVERSION = YES;
				CLANG_WARN_OBJC_ROOT_CLASS = YES_ERROR;
				CLANG_WARN_UNREACHABLE_CODE = YES;
				CLANG_WARN__DUPLICATE_METHOD_MATCH = YES;
				"CODE_SIGN_IDENTITY[sdk=iphoneos*]" = "iPhone Developer";
				COPY_PHASE_STRIP = NO;
				DEBUG_INFORMATION_FORMAT = "dwarf-with-dsym";
				ENABLE_NS_ASSERTIONS = NO;
				ENABLE_STRICT_OBJC_MSGSEND = YES;
				GCC_C_LANGUAGE_STANDARD = gnu99;
				GCC_NO_COMMON_BLOCKS = YES;
				GCC_WARN_64_TO_32_BIT_CONVERSION = YES;
				GCC_WARN_ABOUT_RETURN_TYPE = YES_ERROR;
				GCC_WARN_UNDECLARED_SELECTOR = YES;
				GCC_WARN_UNINITIALIZED_AUTOS = YES_AGGRESSIVE;
				GCC_WARN_UNUSED_FUNCTION = YES;
				GCC_WARN_UNUSED_VARIABLE = YES;
				IPHONEOS_DEPLOYMENT_TARGET = 8.3;
				MTL_ENABLE_DEBUG_INFO = NO;
				ONLY_ACTIVE_ARCH = YES;
				SDKROOT = iphoneos;
				VALIDATE_PRODUCT = YES;
			};
			name = Release;
		};
		189854D41ADD5B560050568B /* Debug */ = {
			isa = XCBuildConfiguration;
			buildSettings = {
				ASSETCATALOG_COMPILER_APPICON_NAME = AppIcon;
				INFOPLIST_FILE = Demo/Info.plist;
				IPHONEOS_DEPLOYMENT_TARGET = 8.3;
				LD_RUNPATH_SEARCH_PATHS = "$(inherited) @executable_path/Frameworks";
				ONLY_ACTIVE_ARCH = YES;
				PRODUCT_NAME = "$(TARGET_NAME)";
			};
			name = Debug;
		};
		189854D51ADD5B560050568B /* Release */ = {
			isa = XCBuildConfiguration;
			buildSettings = {
				ASSETCATALOG_COMPILER_APPICON_NAME = AppIcon;
				INFOPLIST_FILE = Demo/Info.plist;
				IPHONEOS_DEPLOYMENT_TARGET = 8.3;
				LD_RUNPATH_SEARCH_PATHS = "$(inherited) @executable_path/Frameworks";
				ONLY_ACTIVE_ARCH = YES;
				PRODUCT_NAME = "$(TARGET_NAME)";
			};
			name = Release;
		};
		189854D71ADD5B560050568B /* Debug */ = {
			isa = XCBuildConfiguration;
			buildSettings = {
				BUNDLE_LOADER = "$(BUILT_PRODUCTS_DIR)/DKNightVersion.app/DKNightVersion";
				FRAMEWORK_SEARCH_PATHS = (
					"$(SDKROOT)/Developer/Library/Frameworks",
					"$(inherited)",
				);
				GCC_PREPROCESSOR_DEFINITIONS = (
					"DEBUG=1",
					"$(inherited)",
				);
				INFOPLIST_FILE = DKNightVersionTests/Info.plist;
				LD_RUNPATH_SEARCH_PATHS = "$(inherited) @executable_path/Frameworks @loader_path/Frameworks";
				PRODUCT_NAME = "$(TARGET_NAME)";
				TEST_HOST = "$(BUNDLE_LOADER)";
			};
			name = Debug;
		};
		189854D81ADD5B560050568B /* Release */ = {
			isa = XCBuildConfiguration;
			buildSettings = {
				BUNDLE_LOADER = "$(BUILT_PRODUCTS_DIR)/DKNightVersion.app/DKNightVersion";
				FRAMEWORK_SEARCH_PATHS = (
					"$(SDKROOT)/Developer/Library/Frameworks",
					"$(inherited)",
				);
				INFOPLIST_FILE = DKNightVersionTests/Info.plist;
				LD_RUNPATH_SEARCH_PATHS = "$(inherited) @executable_path/Frameworks @loader_path/Frameworks";
				PRODUCT_NAME = "$(TARGET_NAME)";
				TEST_HOST = "$(BUNDLE_LOADER)";
			};
			name = Release;
		};
/* End XCBuildConfiguration section */

/* Begin XCConfigurationList section */
		189854B11ADD5B550050568B /* Build configuration list for PBXProject "DKNightVersion" */ = {
			isa = XCConfigurationList;
			buildConfigurations = (
				189854D11ADD5B560050568B /* Debug */,
				189854D21ADD5B560050568B /* Release */,
			);
			defaultConfigurationIsVisible = 0;
			defaultConfigurationName = Release;
		};
		189854D31ADD5B560050568B /* Build configuration list for PBXNativeTarget "DKNightVersion" */ = {
			isa = XCConfigurationList;
			buildConfigurations = (
				189854D41ADD5B560050568B /* Debug */,
				189854D51ADD5B560050568B /* Release */,
			);
			defaultConfigurationIsVisible = 0;
			defaultConfigurationName = Release;
		};
		189854D61ADD5B560050568B /* Build configuration list for PBXNativeTarget "DKNightVersionTests" */ = {
			isa = XCConfigurationList;
			buildConfigurations = (
				189854D71ADD5B560050568B /* Debug */,
				189854D81ADD5B560050568B /* Release */,
			);
			defaultConfigurationIsVisible = 0;
			defaultConfigurationName = Release;
		};
/* End XCConfigurationList section */
	};
	rootObject = 189854AE1ADD5B550050568B /* Project object */;
}
