// !$*UTF8*$!
{
	archiveVersion = 1;
	classes = {
	};
	objectVersion = 46;
	objects = {

/* Begin PBXBuildFile section */
		7261ADF91CB9FB2D007E283C /* PresentingViewController.m in Sources */ = {isa = PBXBuildFile; fileRef = 7261ADF21CB9FB2D007E283C /* PresentingViewController.m */; };
		7261ADFA1CB9FB2D007E283C /* RootViewController.m in Sources */ = {isa = PBXBuildFile; fileRef = 7261ADF41CB9FB2D007E283C /* RootViewController.m */; };
		7261ADFB1CB9FB2D007E283C /* SuccViewController.m in Sources */ = {isa = PBXBuildFile; fileRef = 7261ADF61CB9FB2D007E283C /* SuccViewController.m */; };
		7261ADFC1CB9FB2D007E283C /* TableViewCell.m in Sources */ = {isa = PBXBuildFile; fileRef = 7261ADF81CB9FB2D007E283C /* TableViewCell.m */; };
		7292FC181D673B030054F827 /* DKNightVersion.framework in Frameworks */ = {isa = PBXBuildFile; fileRef = 7292FC171D673B030054F827 /* DKNightVersion.framework */; };
		729323FA1CB9FAF1009E544E /* main.m in Sources */ = {isa = PBXBuildFile; fileRef = 729323F91CB9FAF1009E544E /* main.m */; };
		729323FD1CB9FAF1009E544E /* AppDelegate.m in Sources */ = {isa = PBXBuildFile; fileRef = 729323FC1CB9FAF1009E544E /* AppDelegate.m */; };
		729324001CB9FAF1009E544E /* ViewController.m in Sources */ = {isa = PBXBuildFile; fileRef = 729323FF1CB9FAF1009E544E /* ViewController.m */; };
		729324031CB9FAF1009E544E /* Main.storyboard in Resources */ = {isa = PBXBuildFile; fileRef = 729324011CB9FAF1009E544E /* Main.storyboard */; };
		729324051CB9FAF1009E544E /* Assets.xcassets in Resources */ = {isa = PBXBuildFile; fileRef = 729324041CB9FAF1009E544E /* Assets.xcassets */; };
		729324081CB9FAF1009E544E /* LaunchScreen.storyboard in Resources */ = {isa = PBXBuildFile; fileRef = 729324061CB9FAF1009E544E /* LaunchScreen.storyboard */; };
		72E18B9F1CBA038E0004EBB2 /* DKColorTable.txt in Resources */ = {isa = PBXBuildFile; fileRef = 72E18B9E1CBA038E0004EBB2 /* DKColorTable.txt */; };
/* End PBXBuildFile section */

/* Begin PBXFileReference section */
		7261ADF11CB9FB2D007E283C /* PresentingViewController.h */ = {isa = PBXFileReference; fileEncoding = 4; lastKnownFileType = sourcecode.c.h; path = PresentingViewController.h; sourceTree = "<group>"; };
		7261ADF21CB9FB2D007E283C /* PresentingViewController.m */ = {isa = PBXFileReference; fileEncoding = 4; lastKnownFileType = sourcecode.c.objc; path = PresentingViewController.m; sourceTree = "<group>"; };
		7261ADF31CB9FB2D007E283C /* RootViewController.h */ = {isa = PBXFileReference; fileEncoding = 4; lastKnownFileType = sourcecode.c.h; path = RootViewController.h; sourceTree = "<group>"; };
		7261ADF41CB9FB2D007E283C /* RootViewController.m */ = {isa = PBXFileReference; fileEncoding = 4; lastKnownFileType = sourcecode.c.objc; path = RootViewController.m; sourceTree = "<group>"; };
		7261ADF51CB9FB2D007E283C /* SuccViewController.h */ = {isa = PBXFileReference; fileEncoding = 4; lastKnownFileType = sourcecode.c.h; path = SuccViewController.h; sourceTree = "<group>"; };
		7261ADF61CB9FB2D007E283C /* SuccViewController.m */ = {isa = PBXFileReference; fileEncoding = 4; lastKnownFileType = sourcecode.c.objc; path = SuccViewController.m; sourceTree = "<group>"; };
		7261ADF71CB9FB2D007E283C /* TableViewCell.h */ = {isa = PBXFileReference; fileEncoding = 4; lastKnownFileType = sourcecode.c.h; path = TableViewCell.h; sourceTree = "<group>"; };
		7261ADF81CB9FB2D007E283C /* TableViewCell.m */ = {isa = PBXFileReference; fileEncoding = 4; lastKnownFileType = sourcecode.c.objc; path = TableViewCell.m; sourceTree = "<group>"; };
		7292FC171D673B030054F827 /* DKNightVersion.framework */ = {isa = PBXFileReference; lastKnownFileType = wrapper.framework; name = DKNightVersion.framework; path = "../Build/Products/Debug-iphonesimulator/DKNightVersion.framework"; sourceTree = "<group>"; };
		729323F51CB9FAF1009E544E /* Example.app */ = {isa = PBXFileReference; explicitFileType = wrapper.application; includeInIndex = 0; path = Example.app; sourceTree = BUILT_PRODUCTS_DIR; };
		729323F91CB9FAF1009E544E /* main.m */ = {isa = PBXFileReference; lastKnownFileType = sourcecode.c.objc; path = main.m; sourceTree = "<group>"; };
		729323FB1CB9FAF1009E544E /* AppDelegate.h */ = {isa = PBXFileReference; lastKnownFileType = sourcecode.c.h; path = AppDelegate.h; sourceTree = "<group>"; };
		729323FC1CB9FAF1009E544E /* AppDelegate.m */ = {isa = PBXFileReference; lastKnownFileType = sourcecode.c.objc; path = AppDelegate.m; sourceTree = "<group>"; };
		729323FE1CB9FAF1009E544E /* ViewController.h */ = {isa = PBXFileReference; lastKnownFileType = sourcecode.c.h; path = ViewController.h; sourceTree = "<group>"; };
		729323FF1CB9FAF1009E544E /* ViewController.m */ = {isa = PBXFileReference; lastKnownFileType = sourcecode.c.objc; path = ViewController.m; sourceTree = "<group>"; };
		729324021CB9FAF1009E544E /* Base */ = {isa = PBXFileReference; lastKnownFileType = file.storyboard; name = Base; path = Base.lproj/Main.storyboard; sourceTree = "<group>"; };
		729324041CB9FAF1009E544E /* Assets.xcassets */ = {isa = PBXFileReference; lastKnownFileType = folder.assetcatalog; path = Assets.xcassets; sourceTree = "<group>"; };
		729324071CB9FAF1009E544E /* Base */ = {isa = PBXFileReference; lastKnownFileType = file.storyboard; name = Base; path = Base.lproj/LaunchScreen.storyboard; sourceTree = "<group>"; };
		729324091CB9FAF1009E544E /* Info.plist */ = {isa = PBXFileReference; lastKnownFileType = text.plist.xml; path = Info.plist; sourceTree = "<group>"; };
		72E18B9E1CBA038E0004EBB2 /* DKColorTable.txt */ = {isa = PBXFileReference; fileEncoding = 4; lastKnownFileType = text; name = DKColorTable.txt; path = ../../DKNightVersion/ColorTable/DKColorTable.txt; sourceTree = "<group>"; };
/* End PBXFileReference section */

/* Begin PBXFrameworksBuildPhase section */
		729323F21CB9FAF1009E544E /* Frameworks */ = {
			isa = PBXFrameworksBuildPhase;
			buildActionMask = 2147483647;
			files = (
				7292FC181D673B030054F827 /* DKNightVersion.framework in Frameworks */,
			);
			runOnlyForDeploymentPostprocessing = 0;
		};
/* End PBXFrameworksBuildPhase section */

/* Begin PBXGroup section */
		729323EC1CB9FAF1009E544E = {
			isa = PBXGroup;
			children = (
				7292FC171D673B030054F827 /* DKNightVersion.framework */,
				729323F71CB9FAF1009E544E /* Example */,
				729323F61CB9FAF1009E544E /* Products */,
			);
			sourceTree = "<group>";
		};
		729323F61CB9FAF1009E544E /* Products */ = {
			isa = PBXGroup;
			children = (
				729323F51CB9FAF1009E544E /* Example.app */,
			);
			name = Products;
			sourceTree = "<group>";
		};
		729323F71CB9FAF1009E544E /* Example */ = {
			isa = PBXGroup;
			children = (
				729323FB1CB9FAF1009E544E /* AppDelegate.h */,
				729323FC1CB9FAF1009E544E /* AppDelegate.m */,
				729323FE1CB9FAF1009E544E /* ViewController.h */,
				729323FF1CB9FAF1009E544E /* ViewController.m */,
				7261ADF11CB9FB2D007E283C /* PresentingViewController.h */,
				7261ADF21CB9FB2D007E283C /* PresentingViewController.m */,
				7261ADF31CB9FB2D007E283C /* RootViewController.h */,
				7261ADF41CB9FB2D007E283C /* RootViewController.m */,
				7261ADF51CB9FB2D007E283C /* SuccViewController.h */,
				7261ADF61CB9FB2D007E283C /* SuccViewController.m */,
				7261ADF71CB9FB2D007E283C /* TableViewCell.h */,
				7261ADF81CB9FB2D007E283C /* TableViewCell.m */,
				729324011CB9FAF1009E544E /* Main.storyboard */,
				729324041CB9FAF1009E544E /* Assets.xcassets */,
				729324061CB9FAF1009E544E /* LaunchScreen.storyboard */,
				729324091CB9FAF1009E544E /* Info.plist */,
				729323F81CB9FAF1009E544E /* Supporting Files */,
			);
			path = Example;
			sourceTree = "<group>";
		};
		729323F81CB9FAF1009E544E /* Supporting Files */ = {
			isa = PBXGroup;
			children = (
				72E18B9E1CBA038E0004EBB2 /* DKColorTable.txt */,
				729323F91CB9FAF1009E544E /* main.m */,
			);
			name = "Supporting Files";
			sourceTree = "<group>";
		};
/* End PBXGroup section */

/* Begin PBXNativeTarget section */
		729323F41CB9FAF1009E544E /* Example */ = {
			isa = PBXNativeTarget;
			buildConfigurationList = 7293240C1CB9FAF1009E544E /* Build configuration list for PBXNativeTarget "Example" */;
			buildPhases = (
				729323F11CB9FAF1009E544E /* Sources */,
				729323F21CB9FAF1009E544E /* Frameworks */,
				729323F31CB9FAF1009E544E /* Resources */,
			);
			buildRules = (
			);
			dependencies = (
			);
			name = Example;
			productName = Example;
			productReference = 729323F51CB9FAF1009E544E /* Example.app */;
			productType = "com.apple.product-type.application";
		};
/* End PBXNativeTarget section */

/* Begin PBXProject section */
		729323ED1CB9FAF1009E544E /* Project object */ = {
			isa = PBXProject;
			attributes = {
				LastUpgradeCheck = 0810;
				ORGANIZATIONNAME = Draveness;
				TargetAttributes = {
					729323F41CB9FAF1009E544E = {
						CreatedOnToolsVersion = 7.3;
					};
				};
			};
			buildConfigurationList = 729323F01CB9FAF1009E544E /* Build configuration list for PBXProject "Example" */;
			compatibilityVersion = "Xcode 3.2";
			developmentRegion = English;
			hasScannedForEncodings = 0;
			knownRegions = (
				en,
				Base,
			);
			mainGroup = 729323EC1CB9FAF1009E544E;
			productRefGroup = 729323F61CB9FAF1009E544E /* Products */;
			projectDirPath = "";
			projectRoot = "";
			targets = (
				729323F41CB9FAF1009E544E /* Example */,
			);
		};
/* End PBXProject section */

/* Begin PBXResourcesBuildPhase section */
		729323F31CB9FAF1009E544E /* Resources */ = {
			isa = PBXResourcesBuildPhase;
			buildActionMask = 2147483647;
			files = (
				729324081CB9FAF1009E544E /* LaunchScreen.storyboard in Resources */,
				729324051CB9FAF1009E544E /* Assets.xcassets in Resources */,
				72E18B9F1CBA038E0004EBB2 /* DKColorTable.txt in Resources */,
				729324031CB9FAF1009E544E /* Main.storyboard in Resources */,
			);
			runOnlyForDeploymentPostprocessing = 0;
		};
/* End PBXResourcesBuildPhase section */

/* Begin PBXSourcesBuildPhase section */
		729323F11CB9FAF1009E544E /* Sources */ = {
			isa = PBXSourcesBuildPhase;
			buildActionMask = 2147483647;
			files = (
				7261ADFC1CB9FB2D007E283C /* TableViewCell.m in Sources */,
				729324001CB9FAF1009E544E /* ViewController.m in Sources */,
				729323FD1CB9FAF1009E544E /* AppDelegate.m in Sources */,
				729323FA1CB9FAF1009E544E /* main.m in Sources */,
				7261ADF91CB9FB2D007E283C /* PresentingViewController.m in Sources */,
				7261ADFB1CB9FB2D007E283C /* SuccViewController.m in Sources */,
				7261ADFA1CB9FB2D007E283C /* RootViewController.m in Sources */,
			);
			runOnlyForDeploymentPostprocessing = 0;
		};
/* End PBXSourcesBuildPhase section */

/* Begin PBXVariantGroup section */
		729324011CB9FAF1009E544E /* Main.storyboard */ = {
			isa = PBXVariantGroup;
			children = (
				729324021CB9FAF1009E544E /* Base */,
			);
			name = Main.storyboard;
			sourceTree = "<group>";
		};
		729324061CB9FAF1009E544E /* LaunchScreen.storyboard */ = {
			isa = PBXVariantGroup;
			children = (
				729324071CB9FAF1009E544E /* Base */,
			);
			name = LaunchScreen.storyboard;
			sourceTree = "<group>";
		};
/* End PBXVariantGroup section */

/* Begin XCBuildConfiguration section */
		7293240A1CB9FAF1009E544E /* Debug */ = {
			isa = XCBuildConfiguration;
			buildSettings = {
				ALWAYS_SEARCH_USER_PATHS = NO;
				CLANG_ANALYZER_NONNULL = YES;
				CLANG_CXX_LANGUAGE_STANDARD = "gnu++0x";
				CLANG_CXX_LIBRARY = "libc++";
				CLANG_ENABLE_MODULES = YES;
				CLANG_ENABLE_OBJC_ARC = YES;
				CLANG_WARN_BOOL_CONVERSION = YES;
				CLANG_WARN_CONSTANT_CONVERSION = YES;
				CLANG_WARN_DIRECT_OBJC_ISA_USAGE = YES_ERROR;
				CLANG_WARN_EMPTY_BODY = YES;
				CLANG_WARN_ENUM_CONVERSION = YES;
				CLANG_WARN_INFINITE_RECURSION = YES;
				CLANG_WARN_INT_CONVERSION = YES;
				CLANG_WARN_OBJC_ROOT_CLASS = YES_ERROR;
				CLANG_WARN_SUSPICIOUS_MOVE = YES;
				CLANG_WARN_UNREACHABLE_CODE = YES;
				CLANG_WARN__DUPLICATE_METHOD_MATCH = YES;
				"CODE_SIGN_IDENTITY[sdk=iphoneos*]" = "iPhone Developer";
				COPY_PHASE_STRIP = NO;
				DEBUG_INFORMATION_FORMAT = dwarf;
				ENABLE_STRICT_OBJC_MSGSEND = YES;
				ENABLE_TESTABILITY = YES;
				GCC_C_LANGUAGE_STANDARD = gnu99;
				GCC_DYNAMIC_NO_PIC = NO;
				GCC_NO_COMMON_BLOCKS = YES;
				GCC_OPTIMIZATION_LEVEL = 0;
				GCC_PREPROCESSOR_DEFINITIONS = (
					"DEBUG=1",
					"$(inherited)",
				);
				GCC_WARN_64_TO_32_BIT_CONVERSION = YES;
				GCC_WARN_ABOUT_RETURN_TYPE = YES_ERROR;
				GCC_WARN_UNDECLARED_SELECTOR = YES;
				GCC_WARN_UNINITIALIZED_AUTOS = YES_AGGRESSIVE;
				GCC_WARN_UNUSED_FUNCTION = YES;
				GCC_WARN_UNUSED_VARIABLE = YES;
				IPHONEOS_DEPLOYMENT_TARGET = 9.3;
				MTL_ENABLE_DEBUG_INFO = YES;
				ONLY_ACTIVE_ARCH = YES;
				SDKROOT = iphoneos;
			};
			name = Debug;
		};
		7293240B1CB9FAF1009E544E /* Release */ = {
			isa = XCBuildConfiguration;
			buildSettings = {
				ALWAYS_SEARCH_USER_PATHS = NO;
				CLANG_ANALYZER_NONNULL = YES;
				CLANG_CXX_LANGUAGE_STANDARD = "gnu++0x";
				CLANG_CXX_LIBRARY = "libc++";
				CLANG_ENABLE_MODULES = YES;
				CLANG_ENABLE_OBJC_ARC = YES;
				CLANG_WARN_BOOL_CONVERSION = YES;
				CLANG_WARN_CONSTANT_CONVERSION = YES;
				CLANG_WARN_DIRECT_OBJC_ISA_USAGE = YES_ERROR;
				CLANG_WARN_EMPTY_BODY = YES;
				CLANG_WARN_ENUM_CONVERSION = YES;
				CLANG_WARN_INFINITE_RECURSION = YES;
				CLANG_WARN_INT_CONVERSION = YES;
				CLANG_WARN_OBJC_ROOT_CLASS = YES_ERROR;
				CLANG_WARN_SUSPICIOUS_MOVE = YES;
				CLANG_WARN_UNREACHABLE_CODE = YES;
				CLANG_WARN__DUPLICATE_METHOD_MATCH = YES;
				"CODE_SIGN_IDENTITY[sdk=iphoneos*]" = "iPhone Developer";
				COPY_PHASE_STRIP = NO;
				DEBUG_INFORMATION_FORMAT = "dwarf-with-dsym";
				ENABLE_NS_ASSERTIONS = NO;
				ENABLE_STRICT_OBJC_MSGSEND = YES;
				GCC_C_LANGUAGE_STANDARD = gnu99;
				GCC_NO_COMMON_BLOCKS = YES;
				GCC_WARN_64_TO_32_BIT_CONVERSION = YES;
				GCC_WARN_ABOUT_RETURN_TYPE = YES_ERROR;
				GCC_WARN_UNDECLARED_SELECTOR = YES;
				GCC_WARN_UNINITIALIZED_AUTOS = YES_AGGRESSIVE;
				GCC_WARN_UNUSED_FUNCTION = YES;
				GCC_WARN_UNUSED_VARIABLE = YES;
				IPHONEOS_DEPLOYMENT_TARGET = 9.3;
				MTL_ENABLE_DEBUG_INFO = NO;
				SDKROOT = iphoneos;
				VALIDATE_PRODUCT = YES;
			};
			name = Release;
		};
		7293240D1CB9FAF1009E544E /* Debug */ = {
			isa = XCBuildConfiguration;
			buildSettings = {
				ASSETCATALOG_COMPILER_APPICON_NAME = AppIcon;
				CLANG_ALLOW_NON_MODULAR_INCLUDES_IN_FRAMEWORK_MODULES = NO;
				INFOPLIST_FILE = Example/Info.plist;
				LD_RUNPATH_SEARCH_PATHS = "$(inherited) @executable_path/Frameworks";
				PRODUCT_BUNDLE_IDENTIFIER = com.draveness.Example;
				PRODUCT_NAME = "$(TARGET_NAME)";
			};
			name = Debug;
		};
		7293240E1CB9FAF1009E544E /* Release */ = {
			isa = XCBuildConfiguration;
			buildSettings = {
				ASSETCATALOG_COMPILER_APPICON_NAME = AppIcon;
				CLANG_ALLOW_NON_MODULAR_INCLUDES_IN_FRAMEWORK_MODULES = NO;
				INFOPLIST_FILE = Example/Info.plist;
				LD_RUNPATH_SEARCH_PATHS = "$(inherited) @executable_path/Frameworks";
				PRODUCT_BUNDLE_IDENTIFIER = com.draveness.Example;
				PRODUCT_NAME = "$(TARGET_NAME)";
			};
			name = Release;
		};
/* End XCBuildConfiguration section */

/* Begin XCConfigurationList section */
		729323F01CB9FAF1009E544E /* Build configuration list for PBXProject "Example" */ = {
			isa = XCConfigurationList;
			buildConfigurations = (
				7293240A1CB9FAF1009E544E /* Debug */,
				7293240B1CB9FAF1009E544E /* Release */,
			);
			defaultConfigurationIsVisible = 0;
			defaultConfigurationName = Release;
		};
		7293240C1CB9FAF1009E544E /* Build configuration list for PBXNativeTarget "Example" */ = {
			isa = XCConfigurationList;
			buildConfigurations = (
				7293240D1CB9FAF1009E544E /* Debug */,
				7293240E1CB9FAF1009E544E /* Release */,
			);
			defaultConfigurationIsVisible = 0;
			defaultConfigurationName = Release;
		};
/* End XCConfigurationList section */
	};
	rootObject = 729323ED1CB9FAF1009E544E /* Project object */;
}
